<?xml version="1.0" encoding="utf-8"?>
<Project ToolsVersion="4.0" xmlns="http://schemas.microsoft.com/developer/msbuild/2003">
  <ItemGroup>
    <Filter Include="Source Files">
      <UniqueIdentifier>{4FC737F1-C7A5-4376-A066-2A32D752A2FF}</UniqueIdentifier>
      <Extensions>cpp;c;cc;cxx;def;odl;idl;hpj;bat;asm;asmx</Extensions>
    </Filter>
    <Filter Include="Source Files\Windows">
      <UniqueIdentifier>{21963b69-5a44-449d-b6dc-d9c36f42db44}</UniqueIdentifier>
    </Filter>
    <Filter Include="Source Files\Linux">
      <UniqueIdentifier>{81395ef8-6832-484a-93e1-9d63d39f4e46}</UniqueIdentifier>
    </Filter>
    <Filter Include="Source Files\Shader">
      <UniqueIdentifier>{ff27bada-b551-4241-993e-5bd1a3d26246}</UniqueIdentifier>
    </Filter>
  </ItemGroup>
  <ItemGroup>
    <ClInclude Include="include\OpenGLRenderer\Windows\ContextWindows.h">
      <Filter>Source Files\Windows</Filter>
    </ClInclude>
    <ClInclude Include="include\OpenGLRenderer\Linux\ContextLinux.h">
      <Filter>Source Files\Linux</Filter>
    </ClInclude>
    <ClInclude Include="include\OpenGLRenderer\Shader\GeometryShader.h">
      <Filter>Source Files\Shader</Filter>
    </ClInclude>
    <ClInclude Include="include\OpenGLRenderer\Shader\GeometryShaderGlsl.h">
      <Filter>Source Files\Shader</Filter>
    </ClInclude>
    <ClInclude Include="include\OpenGLRenderer\Shader\Program.h">
      <Filter>Source Files\Shader</Filter>
    </ClInclude>
    <ClInclude Include="include\OpenGLRenderer\Shader\ProgramGlsl.h">
      <Filter>Source Files\Shader</Filter>
    </ClInclude>
    <ClInclude Include="include\OpenGLRenderer\Shader\ProgramGlslDsa.h">
      <Filter>Source Files\Shader</Filter>
    </ClInclude>
    <ClInclude Include="include\OpenGLRenderer\Shader\ShaderLanguage.h">
      <Filter>Source Files\Shader</Filter>
    </ClInclude>
    <ClInclude Include="include\OpenGLRenderer\Shader\ShaderLanguageGlsl.h">
      <Filter>Source Files\Shader</Filter>
    </ClInclude>
    <ClInclude Include="include\OpenGLRenderer\Shader\TessellationControlShader.h">
      <Filter>Source Files\Shader</Filter>
    </ClInclude>
    <ClInclude Include="include\OpenGLRenderer\Shader\TessellationControlShaderGlsl.h">
      <Filter>Source Files\Shader</Filter>
    </ClInclude>
    <ClInclude Include="include\OpenGLRenderer\Shader\TessellationEvaluationShader.h">
      <Filter>Source Files\Shader</Filter>
    </ClInclude>
    <ClInclude Include="include\OpenGLRenderer\Shader\TessellationEvaluationShaderGlsl.h">
      <Filter>Source Files\Shader</Filter>
    </ClInclude>
    <ClInclude Include="include\OpenGLRenderer\Shader\UniformBuffer.h">
      <Filter>Source Files\Shader</Filter>
    </ClInclude>
    <ClInclude Include="include\OpenGLRenderer\Shader\UniformBufferGlsl.h">
      <Filter>Source Files\Shader</Filter>
    </ClInclude>
    <ClInclude Include="include\OpenGLRenderer\Shader\UniformBufferGlslBind.h">
      <Filter>Source Files\Shader</Filter>
    </ClInclude>
    <ClInclude Include="include\OpenGLRenderer\Shader\UniformBufferGlslDsa.h">
      <Filter>Source Files\Shader</Filter>
    </ClInclude>
    <ClInclude Include="include\OpenGLRenderer\Shader\VertexShader.h">
      <Filter>Source Files\Shader</Filter>
    </ClInclude>
    <ClInclude Include="include\OpenGLRenderer\Shader\VertexShaderGlsl.h">
      <Filter>Source Files\Shader</Filter>
    </ClInclude>
    <ClInclude Include="include\OpenGLRenderer\Shader\FragmentShader.h">
      <Filter>Source Files\Shader</Filter>
    </ClInclude>
    <ClInclude Include="include\OpenGLRenderer\Shader\FragmentShaderGlsl.h">
      <Filter>Source Files\Shader</Filter>
    </ClInclude>
    <ClInclude Include="include\OpenGLRenderer\Texture2DArray.h">
      <Filter>Source Files</Filter>
    </ClInclude>
    <ClInclude Include="include\OpenGLRenderer\Texture2DArrayBind.h">
      <Filter>Source Files</Filter>
    </ClInclude>
    <ClInclude Include="include\OpenGLRenderer\Texture2DArrayDsa.h">
      <Filter>Source Files</Filter>
    </ClInclude>
    <ClInclude Include="include\OpenGLRenderer\Texture2DBind.h">
      <Filter>Source Files</Filter>
    </ClInclude>
    <ClInclude Include="include\OpenGLRenderer\Texture2DDsa.h">
      <Filter>Source Files</Filter>
    </ClInclude>
    <ClInclude Include="include\OpenGLRenderer\TextureBuffer.h">
      <Filter>Source Files</Filter>
    </ClInclude>
    <ClInclude Include="include\OpenGLRenderer\TextureBufferBind.h">
      <Filter>Source Files</Filter>
    </ClInclude>
    <ClInclude Include="include\OpenGLRenderer\TextureBufferDsa.h">
      <Filter>Source Files</Filter>
    </ClInclude>
    <ClInclude Include="include\OpenGLRenderer\VertexArray.h">
      <Filter>Source Files</Filter>
    </ClInclude>
    <ClInclude Include="include\OpenGLRenderer\VertexArrayNoVao.h">
      <Filter>Source Files</Filter>
    </ClInclude>
    <ClInclude Include="include\OpenGLRenderer\VertexArrayVao.h">
      <Filter>Source Files</Filter>
    </ClInclude>
    <ClInclude Include="include\OpenGLRenderer\VertexArrayVaoBind.h">
      <Filter>Source Files</Filter>
    </ClInclude>
    <ClInclude Include="include\OpenGLRenderer\VertexArrayVaoDsa.h">
      <Filter>Source Files</Filter>
    </ClInclude>
    <ClInclude Include="include\OpenGLRenderer\VertexBuffer.h">
      <Filter>Source Files</Filter>
    </ClInclude>
    <ClInclude Include="include\OpenGLRenderer\VertexBufferBind.h">
      <Filter>Source Files</Filter>
    </ClInclude>
    <ClInclude Include="include\OpenGLRenderer\VertexBufferDsa.h">
      <Filter>Source Files</Filter>
    </ClInclude>
    <ClInclude Include="include\OpenGLRenderer\BlendState.h">
      <Filter>Source Files</Filter>
    </ClInclude>
    <ClInclude Include="include\OpenGLRenderer\DepthStencilState.h">
      <Filter>Source Files</Filter>
    </ClInclude>
    <ClInclude Include="include\OpenGLRenderer\Extensions.h">
      <Filter>Source Files</Filter>
    </ClInclude>
    <ClInclude Include="include\OpenGLRenderer\Framebuffer.h">
      <Filter>Source Files</Filter>
    </ClInclude>
    <ClInclude Include="include\OpenGLRenderer\FramebufferBind.h">
      <Filter>Source Files</Filter>
    </ClInclude>
    <ClInclude Include="include\OpenGLRenderer\FramebufferDsa.h">
      <Filter>Source Files</Filter>
    </ClInclude>
    <ClInclude Include="include\OpenGLRenderer\IContext.h">
      <Filter>Source Files</Filter>
    </ClInclude>
    <ClInclude Include="include\OpenGLRenderer\IndexBuffer.h">
      <Filter>Source Files</Filter>
    </ClInclude>
    <ClInclude Include="include\OpenGLRenderer\IndexBufferBind.h">
      <Filter>Source Files</Filter>
    </ClInclude>
    <ClInclude Include="include\OpenGLRenderer\IndexBufferDsa.h">
      <Filter>Source Files</Filter>
    </ClInclude>
    <ClInclude Include="include\OpenGLRenderer\Mapping.h">
      <Filter>Source Files</Filter>
    </ClInclude>
    <ClInclude Include="include\OpenGLRenderer\OpenGLDebug.h">
      <Filter>Source Files</Filter>
    </ClInclude>
    <ClInclude Include="include\OpenGLRenderer\OpenGLRenderer.h">
      <Filter>Source Files</Filter>
    </ClInclude>
    <ClInclude Include="include\OpenGLRenderer\OpenGLRuntimeLinking.h">
      <Filter>Source Files</Filter>
    </ClInclude>
    <ClInclude Include="include\OpenGLRenderer\RasterizerState.h">
      <Filter>Source Files</Filter>
    </ClInclude>
    <ClInclude Include="include\OpenGLRenderer\SamplerState.h">
      <Filter>Source Files</Filter>
    </ClInclude>
    <ClInclude Include="include\OpenGLRenderer\SamplerStateBind.h">
      <Filter>Source Files</Filter>
    </ClInclude>
    <ClInclude Include="include\OpenGLRenderer\SamplerStateDsa.h">
      <Filter>Source Files</Filter>
    </ClInclude>
    <ClInclude Include="include\OpenGLRenderer\SamplerStateSo.h">
      <Filter>Source Files</Filter>
    </ClInclude>
    <ClInclude Include="include\OpenGLRenderer\SwapChain.h">
      <Filter>Source Files</Filter>
    </ClInclude>
    <ClInclude Include="include\OpenGLRenderer\Texture2D.h">
      <Filter>Source Files</Filter>
    </ClInclude>
    <ClInclude Include="include\OpenGLRenderer\PipelineState.h">
      <Filter>Source Files</Filter>
    </ClInclude>
    <ClInclude Include="include\OpenGLRenderer\RootSignature.h">
      <Filter>Source Files</Filter>
    </ClInclude>
  </ItemGroup>
  <ItemGroup>
    <ClCompile Include="src\Windows\ContextWindows.cpp">
      <Filter>Source Files\Windows</Filter>
    </ClCompile>
    <ClCompile Include="src\Windows\ExtensionsWindows.cpp">
      <Filter>Source Files\Windows</Filter>
    </ClCompile>
    <ClCompile Include="src\Linux\ContextLinux.cpp">
      <Filter>Source Files\Linux</Filter>
    </ClCompile>
    <ClCompile Include="src\Linux\ExtensionsLinux.cpp">
      <Filter>Source Files\Linux</Filter>
    </ClCompile>
    <ClCompile Include="src\Shader\Program.cpp">
      <Filter>Source Files\Shader</Filter>
    </ClCompile>
    <ClCompile Include="src\Shader\ProgramGlsl.cpp">
      <Filter>Source Files\Shader</Filter>
    </ClCompile>
    <ClCompile Include="src\Shader\ProgramGlslDsa.cpp">
      <Filter>Source Files\Shader</Filter>
    </ClCompile>
    <ClCompile Include="src\Shader\ShaderLanguage.cpp">
      <Filter>Source Files\Shader</Filter>
    </ClCompile>
    <ClCompile Include="src\Shader\ShaderLanguageGlsl.cpp">
      <Filter>Source Files\Shader</Filter>
    </ClCompile>
    <ClCompile Include="src\Shader\TessellationControlShader.cpp">
      <Filter>Source Files\Shader</Filter>
    </ClCompile>
    <ClCompile Include="src\Shader\TessellationControlShaderGlsl.cpp">
      <Filter>Source Files\Shader</Filter>
    </ClCompile>
    <ClCompile Include="src\Shader\TessellationEvaluationShader.cpp">
      <Filter>Source Files\Shader</Filter>
    </ClCompile>
    <ClCompile Include="src\Shader\TessellationEvaluationShaderGlsl.cpp">
      <Filter>Source Files\Shader</Filter>
    </ClCompile>
    <ClCompile Include="src\Shader\UniformBuffer.cpp">
      <Filter>Source Files\Shader</Filter>
    </ClCompile>
    <ClCompile Include="src\Shader\UniformBufferGlsl.cpp">
      <Filter>Source Files\Shader</Filter>
    </ClCompile>
    <ClCompile Include="src\Shader\UniformBufferGlslBind.cpp">
      <Filter>Source Files\Shader</Filter>
    </ClCompile>
    <ClCompile Include="src\Shader\UniformBufferGlslDsa.cpp">
      <Filter>Source Files\Shader</Filter>
    </ClCompile>
    <ClCompile Include="src\Shader\VertexShader.cpp">
      <Filter>Source Files\Shader</Filter>
    </ClCompile>
    <ClCompile Include="src\Shader\VertexShaderGlsl.cpp">
      <Filter>Source Files\Shader</Filter>
    </ClCompile>
    <ClCompile Include="src\Shader\FragmentShader.cpp">
      <Filter>Source Files\Shader</Filter>
    </ClCompile>
    <ClCompile Include="src\Shader\FragmentShaderGlsl.cpp">
      <Filter>Source Files\Shader</Filter>
    </ClCompile>
    <ClCompile Include="src\Shader\GeometryShader.cpp">
      <Filter>Source Files\Shader</Filter>
    </ClCompile>
    <ClCompile Include="src\Shader\GeometryShaderGlsl.cpp">
      <Filter>Source Files\Shader</Filter>
    </ClCompile>
    <ClCompile Include="src\RasterizerState.cpp">
      <Filter>Source Files</Filter>
    </ClCompile>
    <ClCompile Include="src\SamplerState.cpp">
      <Filter>Source Files</Filter>
    </ClCompile>
    <ClCompile Include="src\SamplerStateBind.cpp">
      <Filter>Source Files</Filter>
    </ClCompile>
    <ClCompile Include="src\SamplerStateDsa.cpp">
      <Filter>Source Files</Filter>
    </ClCompile>
    <ClCompile Include="src\SamplerStateSo.cpp">
      <Filter>Source Files</Filter>
    </ClCompile>
    <ClCompile Include="src\SwapChain.cpp">
      <Filter>Source Files</Filter>
    </ClCompile>
    <ClCompile Include="src\Texture2D.cpp">
      <Filter>Source Files</Filter>
    </ClCompile>
    <ClCompile Include="src\Texture2DArray.cpp">
      <Filter>Source Files</Filter>
    </ClCompile>
    <ClCompile Include="src\Texture2DArrayBind.cpp">
      <Filter>Source Files</Filter>
    </ClCompile>
    <ClCompile Include="src\Texture2DArrayDsa.cpp">
      <Filter>Source Files</Filter>
    </ClCompile>
    <ClCompile Include="src\Texture2DBind.cpp">
      <Filter>Source Files</Filter>
    </ClCompile>
    <ClCompile Include="src\Texture2DDsa.cpp">
      <Filter>Source Files</Filter>
    </ClCompile>
    <ClCompile Include="src\TextureBuffer.cpp">
      <Filter>Source Files</Filter>
    </ClCompile>
    <ClCompile Include="src\TextureBufferBind.cpp">
      <Filter>Source Files</Filter>
    </ClCompile>
    <ClCompile Include="src\TextureBufferDsa.cpp">
      <Filter>Source Files</Filter>
    </ClCompile>
    <ClCompile Include="src\VertexArray.cpp">
      <Filter>Source Files</Filter>
    </ClCompile>
    <ClCompile Include="src\VertexArrayNoVao.cpp">
      <Filter>Source Files</Filter>
    </ClCompile>
    <ClCompile Include="src\VertexArrayVao.cpp">
      <Filter>Source Files</Filter>
    </ClCompile>
    <ClCompile Include="src\VertexArrayVaoBind.cpp">
      <Filter>Source Files</Filter>
    </ClCompile>
    <ClCompile Include="src\VertexArrayVaoDsa.cpp">
      <Filter>Source Files</Filter>
    </ClCompile>
    <ClCompile Include="src\VertexBuffer.cpp">
      <Filter>Source Files</Filter>
    </ClCompile>
    <ClCompile Include="src\VertexBufferBind.cpp">
      <Filter>Source Files</Filter>
    </ClCompile>
    <ClCompile Include="src\VertexBufferDsa.cpp">
      <Filter>Source Files</Filter>
    </ClCompile>
    <ClCompile Include="src\BlendState.cpp">
      <Filter>Source Files</Filter>
    </ClCompile>
    <ClCompile Include="src\DepthStencilState.cpp">
      <Filter>Source Files</Filter>
    </ClCompile>
    <ClCompile Include="src\Extensions.cpp">
      <Filter>Source Files</Filter>
    </ClCompile>
    <ClCompile Include="src\Framebuffer.cpp">
      <Filter>Source Files</Filter>
    </ClCompile>
    <ClCompile Include="src\FramebufferBind.cpp">
      <Filter>Source Files</Filter>
    </ClCompile>
    <ClCompile Include="src\FramebufferDsa.cpp">
      <Filter>Source Files</Filter>
    </ClCompile>
    <ClCompile Include="src\IContext.cpp">
      <Filter>Source Files</Filter>
    </ClCompile>
    <ClCompile Include="src\IndexBuffer.cpp">
      <Filter>Source Files</Filter>
    </ClCompile>
    <ClCompile Include="src\IndexBufferBind.cpp">
      <Filter>Source Files</Filter>
    </ClCompile>
    <ClCompile Include="src\IndexBufferDsa.cpp">
      <Filter>Source Files</Filter>
    </ClCompile>
    <ClCompile Include="src\Mapping.cpp">
      <Filter>Source Files</Filter>
    </ClCompile>
    <ClCompile Include="src\OpenGLRenderer.cpp">
      <Filter>Source Files</Filter>
    </ClCompile>
    <ClCompile Include="src\OpenGLRuntimeLinking.cpp">
      <Filter>Source Files</Filter>
    </ClCompile>
    <ClCompile Include="src\PipelineState.cpp">
      <Filter>Source Files</Filter>
    </ClCompile>
    <ClCompile Include="src\RootSignature.cpp">
      <Filter>Source Files</Filter>
    </ClCompile>
  </ItemGroup>
  <ItemGroup>
    <None Include="Readme.txt" />
    <None Include="CMakeLists.txt" />
    <None Include="include\OpenGLRenderer\Windows\ContextWindows.inl">
      <Filter>Source Files\Windows</Filter>
    </None>
    <None Include="include\OpenGLRenderer\Linux\ContextLinux.inl">
      <Filter>Source Files\Linux</Filter>
    </None>
    <None Include="include\OpenGLRenderer\Shader\GeometryShaderGlsl.inl">
      <Filter>Source Files\Shader</Filter>
    </None>
    <None Include="include\OpenGLRenderer\Shader\Program.inl">
      <Filter>Source Files\Shader</Filter>
    </None>
    <None Include="include\OpenGLRenderer\Shader\ProgramGlsl.inl">
      <Filter>Source Files\Shader</Filter>
    </None>
    <None Include="include\OpenGLRenderer\Shader\TessellationControlShaderGlsl.inl">
      <Filter>Source Files\Shader</Filter>
    </None>
    <None Include="include\OpenGLRenderer\Shader\TessellationEvaluationShaderGlsl.inl">
      <Filter>Source Files\Shader</Filter>
    </None>
    <None Include="include\OpenGLRenderer\Shader\UniformBuffer.inl">
      <Filter>Source Files\Shader</Filter>
    </None>
    <None Include="include\OpenGLRenderer\Shader\UniformBufferGlsl.inl">
      <Filter>Source Files\Shader</Filter>
    </None>
    <None Include="include\OpenGLRenderer\Shader\VertexShaderGlsl.inl">
      <Filter>Source Files\Shader</Filter>
    </None>
    <None Include="include\OpenGLRenderer\Shader\FragmentShaderGlsl.inl">
      <Filter>Source Files\Shader</Filter>
    </None>
    <None Include="include\OpenGLRenderer\Texture2DArray.inl">
      <Filter>Source Files</Filter>
    </None>
    <None Include="include\OpenGLRenderer\TextureBuffer.inl">
      <Filter>Source Files</Filter>
    </None>
    <None Include="include\OpenGLRenderer\VertexArray.inl">
      <Filter>Source Files</Filter>
    </None>
    <None Include="include\OpenGLRenderer\VertexArrayVao.inl">
      <Filter>Source Files</Filter>
    </None>
    <None Include="include\OpenGLRenderer\VertexBuffer.inl">
      <Filter>Source Files</Filter>
    </None>
    <None Include="include\OpenGLRenderer\Framebuffer.inl">
      <Filter>Source Files</Filter>
    </None>
    <None Include="include\OpenGLRenderer\IContext.inl">
      <Filter>Source Files</Filter>
    </None>
    <None Include="include\OpenGLRenderer\IndexBuffer.inl">
      <Filter>Source Files</Filter>
    </None>
    <None Include="include\OpenGLRenderer\OpenGLRenderer.inl">
      <Filter>Source Files</Filter>
    </None>
    <None Include="include\OpenGLRenderer\RasterizerState.inl">
      <Filter>Source Files</Filter>
    </None>
    <None Include="include\OpenGLRenderer\SamplerStateSo.inl">
      <Filter>Source Files</Filter>
    </None>
    <None Include="include\OpenGLRenderer\SwapChain.inl">
      <Filter>Source Files</Filter>
    </None>
    <None Include="include\OpenGLRenderer\Texture2D.inl">
      <Filter>Source Files</Filter>
    </None>
    <None Include="include\OpenGLRenderer\PipelineState.inl">
      <Filter>Source Files</Filter>
    </None>
    <None Include="include\OpenGLRenderer\RootSignature.inl">
      <Filter>Source Files</Filter>
    </None>
  </ItemGroup>
</Project>