<?xml version="1.0" encoding="utf-8"?>
<Project ToolsVersion="4.0" xmlns="http://schemas.microsoft.com/developer/msbuild/2003">
  <ItemGroup>
    <Filter Include="Source Files">
      <UniqueIdentifier>{4FC737F1-C7A5-4376-A066-2A32D752A2FF}</UniqueIdentifier>
      <Extensions>cpp;c;cc;cxx;def;odl;idl;hpj;bat;asm;asmx</Extensions>
    </Filter>
    <Filter Include="Source Files\Shader">
      <UniqueIdentifier>{f0c2398f-4f02-4583-9fbc-f3203f9f8510}</UniqueIdentifier>
    </Filter>
  </ItemGroup>
  <ItemGroup>
    <None Include="Readme.txt" />
    <None Include="CMakeLists.txt" />
    <None Include="include\Direct3D10Renderer\Shader\GeometryShaderHlsl.inl">
      <Filter>Source Files\Shader</Filter>
    </None>
    <None Include="include\Direct3D10Renderer\Shader\Program.inl">
      <Filter>Source Files\Shader</Filter>
    </None>
    <None Include="include\Direct3D10Renderer\Shader\ProgramHlsl.inl">
      <Filter>Source Files\Shader</Filter>
    </None>
    <None Include="include\Direct3D10Renderer\Shader\UniformBuffer.inl">
      <Filter>Source Files\Shader</Filter>
    </None>
    <None Include="include\Direct3D10Renderer\Shader\VertexShaderHlsl.inl">
      <Filter>Source Files\Shader</Filter>
    </None>
    <None Include="include\Direct3D10Renderer\Shader\FragmentShaderHlsl.inl">
      <Filter>Source Files\Shader</Filter>
    </None>
    <None Include="include\Direct3D10Renderer\RasterizerState.inl">
      <Filter>Source Files</Filter>
    </None>
    <None Include="include\Direct3D10Renderer\SamplerState.inl">
      <Filter>Source Files</Filter>
    </None>
    <None Include="include\Direct3D10Renderer\SamplerStateCollection.inl">
      <Filter>Source Files</Filter>
    </None>
    <None Include="include\Direct3D10Renderer\SwapChain.inl">
      <Filter>Source Files</Filter>
    </None>
    <None Include="include\Direct3D10Renderer\Texture2D.inl">
      <Filter>Source Files</Filter>
    </None>
    <None Include="include\Direct3D10Renderer\Texture2DArray.inl">
      <Filter>Source Files</Filter>
    </None>
    <None Include="include\Direct3D10Renderer\TextureBuffer.inl">
      <Filter>Source Files</Filter>
    </None>
    <None Include="include\Direct3D10Renderer\TextureCollection.inl">
      <Filter>Source Files</Filter>
    </None>
    <None Include="include\Direct3D10Renderer\VertexBuffer.inl">
      <Filter>Source Files</Filter>
    </None>
    <None Include="include\Direct3D10Renderer\BlendState.inl">
      <Filter>Source Files</Filter>
    </None>
    <None Include="include\Direct3D10Renderer\DepthStencilState.inl">
      <Filter>Source Files</Filter>
    </None>
    <None Include="include\Direct3D10Renderer\Direct3D10Renderer.inl">
      <Filter>Source Files</Filter>
    </None>
    <None Include="include\Direct3D10Renderer\Framebuffer.inl">
      <Filter>Source Files</Filter>
    </None>
    <None Include="include\Direct3D10Renderer\IndexBuffer.inl">
      <Filter>Source Files</Filter>
    </None>
    <None Include="include\Direct3D10Renderer\PipelineState.inl">
      <Filter>Source Files</Filter>
    </None>
  </ItemGroup>
  <ItemGroup>
    <ClInclude Include="include\Direct3D10Renderer\Shader\GeometryShader.h">
      <Filter>Source Files\Shader</Filter>
    </ClInclude>
    <ClInclude Include="include\Direct3D10Renderer\Shader\GeometryShaderHlsl.h">
      <Filter>Source Files\Shader</Filter>
    </ClInclude>
    <ClInclude Include="include\Direct3D10Renderer\Shader\Program.h">
      <Filter>Source Files\Shader</Filter>
    </ClInclude>
    <ClInclude Include="include\Direct3D10Renderer\Shader\ProgramHlsl.h">
      <Filter>Source Files\Shader</Filter>
    </ClInclude>
    <ClInclude Include="include\Direct3D10Renderer\Shader\ShaderLanguage.h">
      <Filter>Source Files\Shader</Filter>
    </ClInclude>
    <ClInclude Include="include\Direct3D10Renderer\Shader\ShaderLanguageHlsl.h">
      <Filter>Source Files\Shader</Filter>
    </ClInclude>
    <ClInclude Include="include\Direct3D10Renderer\Shader\UniformBuffer.h">
      <Filter>Source Files\Shader</Filter>
    </ClInclude>
    <ClInclude Include="include\Direct3D10Renderer\Shader\VertexShader.h">
      <Filter>Source Files\Shader</Filter>
    </ClInclude>
    <ClInclude Include="include\Direct3D10Renderer\Shader\VertexShaderHlsl.h">
      <Filter>Source Files\Shader</Filter>
    </ClInclude>
    <ClInclude Include="include\Direct3D10Renderer\Shader\FragmentShader.h">
      <Filter>Source Files\Shader</Filter>
    </ClInclude>
    <ClInclude Include="include\Direct3D10Renderer\Shader\FragmentShaderHlsl.h">
      <Filter>Source Files\Shader</Filter>
    </ClInclude>
    <ClInclude Include="include\Direct3D10Renderer\SamplerState.h">
      <Filter>Source Files</Filter>
    </ClInclude>
    <ClInclude Include="include\Direct3D10Renderer\SamplerStateCollection.h">
      <Filter>Source Files</Filter>
    </ClInclude>
    <ClInclude Include="include\Direct3D10Renderer\SwapChain.h">
      <Filter>Source Files</Filter>
    </ClInclude>
    <ClInclude Include="include\Direct3D10Renderer\Texture2D.h">
      <Filter>Source Files</Filter>
    </ClInclude>
    <ClInclude Include="include\Direct3D10Renderer\Texture2DArray.h">
      <Filter>Source Files</Filter>
    </ClInclude>
    <ClInclude Include="include\Direct3D10Renderer\TextureBuffer.h">
      <Filter>Source Files</Filter>
    </ClInclude>
    <ClInclude Include="include\Direct3D10Renderer\TextureCollection.h">
      <Filter>Source Files</Filter>
    </ClInclude>
    <ClInclude Include="include\Direct3D10Renderer\VertexArray.h">
      <Filter>Source Files</Filter>
    </ClInclude>
    <ClInclude Include="include\Direct3D10Renderer\VertexBuffer.h">
      <Filter>Source Files</Filter>
    </ClInclude>
    <ClInclude Include="include\Direct3D10Renderer\BlendState.h">
      <Filter>Source Files</Filter>
    </ClInclude>
    <ClInclude Include="include\Direct3D10Renderer\D3D10.h">
      <Filter>Source Files</Filter>
    </ClInclude>
    <ClInclude Include="include\Direct3D10Renderer\D3D10_1.h">
      <Filter>Source Files</Filter>
    </ClInclude>
    <ClInclude Include="include\Direct3D10Renderer\DepthStencilState.h">
      <Filter>Source Files</Filter>
    </ClInclude>
    <ClInclude Include="include\Direct3D10Renderer\Direct3D9RuntimeLinking.h">
      <Filter>Source Files</Filter>
    </ClInclude>
    <ClInclude Include="include\Direct3D10Renderer\Direct3D10Debug.h">
      <Filter>Source Files</Filter>
    </ClInclude>
    <ClInclude Include="include\Direct3D10Renderer\Direct3D10Renderer.h">
      <Filter>Source Files</Filter>
    </ClInclude>
    <ClInclude Include="include\Direct3D10Renderer\Direct3D10RuntimeLinking.h">
      <Filter>Source Files</Filter>
    </ClInclude>
    <ClInclude Include="include\Direct3D10Renderer\Framebuffer.h">
      <Filter>Source Files</Filter>
    </ClInclude>
    <ClInclude Include="include\Direct3D10Renderer\Guid.h">
      <Filter>Source Files</Filter>
    </ClInclude>
    <ClInclude Include="include\Direct3D10Renderer\IndexBuffer.h">
      <Filter>Source Files</Filter>
    </ClInclude>
    <ClInclude Include="include\Direct3D10Renderer\Mapping.h">
      <Filter>Source Files</Filter>
    </ClInclude>
    <ClInclude Include="include\Direct3D10Renderer\RasterizerState.h">
      <Filter>Source Files</Filter>
    </ClInclude>
    <ClInclude Include="include\Direct3D10Renderer\PipelineState.h">
      <Filter>Source Files</Filter>
    </ClInclude>
    <ClInclude Include="include\Direct3D10Renderer\RootSignature.h">
      <Filter>Source Files</Filter>
    </ClInclude>
  </ItemGroup>
  <ItemGroup>
    <ClCompile Include="src\Shader\GeometryShaderHlsl.cpp">
      <Filter>Source Files\Shader</Filter>
    </ClCompile>
    <ClCompile Include="src\Shader\Program.cpp">
      <Filter>Source Files\Shader</Filter>
    </ClCompile>
    <ClCompile Include="src\Shader\ProgramHlsl.cpp">
      <Filter>Source Files\Shader</Filter>
    </ClCompile>
    <ClCompile Include="src\Shader\ShaderLanguage.cpp">
      <Filter>Source Files\Shader</Filter>
    </ClCompile>
    <ClCompile Include="src\Shader\ShaderLanguageHlsl.cpp">
      <Filter>Source Files\Shader</Filter>
    </ClCompile>
    <ClCompile Include="src\Shader\UniformBuffer.cpp">
      <Filter>Source Files\Shader</Filter>
    </ClCompile>
    <ClCompile Include="src\Shader\VertexShader.cpp">
      <Filter>Source Files\Shader</Filter>
    </ClCompile>
    <ClCompile Include="src\Shader\VertexShaderHlsl.cpp">
      <Filter>Source Files\Shader</Filter>
    </ClCompile>
    <ClCompile Include="src\Shader\FragmentShader.cpp">
      <Filter>Source Files\Shader</Filter>
    </ClCompile>
    <ClCompile Include="src\Shader\FragmentShaderHlsl.cpp">
      <Filter>Source Files\Shader</Filter>
    </ClCompile>
    <ClCompile Include="src\Shader\GeometryShader.cpp">
      <Filter>Source Files\Shader</Filter>
    </ClCompile>
    <ClCompile Include="src\DepthStencilState.cpp">
      <Filter>Source Files</Filter>
    </ClCompile>
    <ClCompile Include="src\Direct3D9RuntimeLinking.cpp">
      <Filter>Source Files</Filter>
    </ClCompile>
    <ClCompile Include="src\Direct3D10Renderer.cpp">
      <Filter>Source Files</Filter>
    </ClCompile>
    <ClCompile Include="src\Direct3D10RuntimeLinking.cpp">
      <Filter>Source Files</Filter>
    </ClCompile>
    <ClCompile Include="src\Framebuffer.cpp">
      <Filter>Source Files</Filter>
    </ClCompile>
    <ClCompile Include="src\Guid.cpp">
      <Filter>Source Files</Filter>
    </ClCompile>
    <ClCompile Include="src\IndexBuffer.cpp">
      <Filter>Source Files</Filter>
    </ClCompile>
    <ClCompile Include="src\Mapping.cpp">
      <Filter>Source Files</Filter>
    </ClCompile>
    <ClCompile Include="src\RasterizerState.cpp">
      <Filter>Source Files</Filter>
    </ClCompile>
    <ClCompile Include="src\SamplerState.cpp">
      <Filter>Source Files</Filter>
    </ClCompile>
    <ClCompile Include="src\SamplerStateCollection.cpp">
      <Filter>Source Files</Filter>
    </ClCompile>
    <ClCompile Include="src\SwapChain.cpp">
      <Filter>Source Files</Filter>
    </ClCompile>
    <ClCompile Include="src\Texture2D.cpp">
      <Filter>Source Files</Filter>
    </ClCompile>
    <ClCompile Include="src\Texture2DArray.cpp">
      <Filter>Source Files</Filter>
    </ClCompile>
    <ClCompile Include="src\TextureBuffer.cpp">
      <Filter>Source Files</Filter>
    </ClCompile>
    <ClCompile Include="src\TextureCollection.cpp">
      <Filter>Source Files</Filter>
    </ClCompile>
    <ClCompile Include="src\VertexArray.cpp">
      <Filter>Source Files</Filter>
    </ClCompile>
    <ClCompile Include="src\VertexBuffer.cpp">
      <Filter>Source Files</Filter>
    </ClCompile>
    <ClCompile Include="src\BlendState.cpp">
      <Filter>Source Files</Filter>
    </ClCompile>
    <ClCompile Include="src\PipelineState.cpp">
      <Filter>Source Files</Filter>
    </ClCompile>
    <ClCompile Include="src\RootSignature.cpp">
      <Filter>Source Files</Filter>
    </ClCompile>
  </ItemGroup>
</Project>