<?xml version="1.0" encoding="utf-8"?>
<Project ToolsVersion="4.0" xmlns="http://schemas.microsoft.com/developer/msbuild/2003">
  <ItemGroup>
    <Filter Include="Source Files">
      <UniqueIdentifier>{4FC737F1-C7A5-4376-A066-2A32D752A2FF}</UniqueIdentifier>
      <Extensions>cpp;c;cc;cxx;def;odl;idl;hpj;bat;asm;asmx</Extensions>
    </Filter>
    <Filter Include="Source Files\Shader">
      <UniqueIdentifier>{f0c2398f-4f02-4583-9fbc-f3203f9f8510}</UniqueIdentifier>
    </Filter>
    <Filter Include="Source Files\PipelineState">
      <UniqueIdentifier>{b50b719c-2024-4b7d-82ce-926ddc63e300}</UniqueIdentifier>
    </Filter>
    <Filter Include="Source Files\Texture">
      <UniqueIdentifier>{02eca5dd-181c-4199-98de-aeb82f5de26b}</UniqueIdentifier>
    </Filter>
    <Filter Include="Source Files\Buffer">
      <UniqueIdentifier>{06028340-a2fe-403b-b13c-73e6917b5127}</UniqueIdentifier>
    </Filter>
  </ItemGroup>
  <ItemGroup>
    <None Include="Readme.txt" />
    <None Include="CMakeLists.txt" />
    <None Include="include\Direct3D10Renderer\Shader\GeometryShaderHlsl.inl">
      <Filter>Source Files\Shader</Filter>
    </None>
    <None Include="include\Direct3D10Renderer\Shader\ProgramHlsl.inl">
      <Filter>Source Files\Shader</Filter>
    </None>
    <None Include="include\Direct3D10Renderer\Shader\VertexShaderHlsl.inl">
      <Filter>Source Files\Shader</Filter>
    </None>
    <None Include="include\Direct3D10Renderer\Shader\FragmentShaderHlsl.inl">
      <Filter>Source Files\Shader</Filter>
    </None>
    <None Include="include\Direct3D10Renderer\SwapChain.inl">
      <Filter>Source Files</Filter>
    </None>
    <None Include="include\Direct3D10Renderer\Direct3D10Renderer.inl">
      <Filter>Source Files</Filter>
    </None>
    <None Include="include\Direct3D10Renderer\Framebuffer.inl">
      <Filter>Source Files</Filter>
    </None>
    <None Include="include\Direct3D10Renderer\RootSignature.inl">
      <Filter>Source Files</Filter>
    </None>
    <None Include="include\Direct3D10Renderer\PipelineState\BlendState.inl">
      <Filter>Source Files\PipelineState</Filter>
    </None>
    <None Include="include\Direct3D10Renderer\PipelineState\DepthStencilState.inl">
      <Filter>Source Files\PipelineState</Filter>
    </None>
    <None Include="include\Direct3D10Renderer\PipelineState\IState.inl">
      <Filter>Source Files\PipelineState</Filter>
    </None>
    <None Include="include\Direct3D10Renderer\PipelineState\RasterizerState.inl">
      <Filter>Source Files\PipelineState</Filter>
    </None>
    <None Include="include\Direct3D10Renderer\Texture\SamplerState.inl">
      <Filter>Source Files\Texture</Filter>
    </None>
    <None Include="include\Direct3D10Renderer\Texture\Texture2D.inl">
      <Filter>Source Files\Texture</Filter>
    </None>
    <None Include="include\Direct3D10Renderer\Texture\Texture2DArray.inl">
      <Filter>Source Files\Texture</Filter>
    </None>
    <None Include="include\Direct3D10Renderer\Texture\TextureBuffer.inl">
      <Filter>Source Files\Texture</Filter>
    </None>
    <None Include="include\Direct3D10Renderer\PipelineState\PipelineState.inl">
      <Filter>Source Files\PipelineState</Filter>
    </None>
    <None Include="include\Direct3D10Renderer\Buffer\UniformBuffer.inl">
      <Filter>Source Files\Buffer</Filter>
    </None>
    <None Include="include\Direct3D10Renderer\Buffer\VertexBuffer.inl">
      <Filter>Source Files\Buffer</Filter>
    </None>
    <None Include="include\Direct3D10Renderer\Buffer\IndexBuffer.inl">
      <Filter>Source Files\Buffer</Filter>
    </None>
  </ItemGroup>
  <ItemGroup>
    <ClInclude Include="include\Direct3D10Renderer\Shader\GeometryShaderHlsl.h">
      <Filter>Source Files\Shader</Filter>
    </ClInclude>
    <ClInclude Include="include\Direct3D10Renderer\Shader\ProgramHlsl.h">
      <Filter>Source Files\Shader</Filter>
    </ClInclude>
    <ClInclude Include="include\Direct3D10Renderer\Shader\ShaderLanguageHlsl.h">
      <Filter>Source Files\Shader</Filter>
    </ClInclude>
    <ClInclude Include="include\Direct3D10Renderer\Shader\VertexShaderHlsl.h">
      <Filter>Source Files\Shader</Filter>
    </ClInclude>
    <ClInclude Include="include\Direct3D10Renderer\Shader\FragmentShaderHlsl.h">
      <Filter>Source Files\Shader</Filter>
    </ClInclude>
    <ClInclude Include="include\Direct3D10Renderer\SwapChain.h">
      <Filter>Source Files</Filter>
    </ClInclude>
    <ClInclude Include="include\Direct3D10Renderer\D3D10.h">
      <Filter>Source Files</Filter>
    </ClInclude>
    <ClInclude Include="include\Direct3D10Renderer\D3D10_1.h">
      <Filter>Source Files</Filter>
    </ClInclude>
    <ClInclude Include="include\Direct3D10Renderer\Direct3D9RuntimeLinking.h">
      <Filter>Source Files</Filter>
    </ClInclude>
    <ClInclude Include="include\Direct3D10Renderer\Direct3D10Debug.h">
      <Filter>Source Files</Filter>
    </ClInclude>
    <ClInclude Include="include\Direct3D10Renderer\Direct3D10Renderer.h">
      <Filter>Source Files</Filter>
    </ClInclude>
    <ClInclude Include="include\Direct3D10Renderer\Direct3D10RuntimeLinking.h">
      <Filter>Source Files</Filter>
    </ClInclude>
    <ClInclude Include="include\Direct3D10Renderer\Framebuffer.h">
      <Filter>Source Files</Filter>
    </ClInclude>
    <ClInclude Include="include\Direct3D10Renderer\Guid.h">
      <Filter>Source Files</Filter>
    </ClInclude>
    <ClInclude Include="include\Direct3D10Renderer\Mapping.h">
      <Filter>Source Files</Filter>
    </ClInclude>
    <ClInclude Include="include\Direct3D10Renderer\RootSignature.h">
      <Filter>Source Files</Filter>
    </ClInclude>
    <ClInclude Include="include\Direct3D10Renderer\PipelineState\DepthStencilState.h">
      <Filter>Source Files\PipelineState</Filter>
    </ClInclude>
    <ClInclude Include="include\Direct3D10Renderer\PipelineState\IState.h">
      <Filter>Source Files\PipelineState</Filter>
    </ClInclude>
    <ClInclude Include="include\Direct3D10Renderer\PipelineState\RasterizerState.h">
      <Filter>Source Files\PipelineState</Filter>
    </ClInclude>
    <ClInclude Include="include\Direct3D10Renderer\PipelineState\BlendState.h">
      <Filter>Source Files\PipelineState</Filter>
    </ClInclude>
    <ClInclude Include="include\Direct3D10Renderer\Texture\Texture2D.h">
      <Filter>Source Files\Texture</Filter>
    </ClInclude>
    <ClInclude Include="include\Direct3D10Renderer\Texture\Texture2DArray.h">
      <Filter>Source Files\Texture</Filter>
    </ClInclude>
    <ClInclude Include="include\Direct3D10Renderer\Texture\TextureBuffer.h">
      <Filter>Source Files\Texture</Filter>
    </ClInclude>
    <ClInclude Include="include\Direct3D10Renderer\Texture\SamplerState.h">
      <Filter>Source Files\Texture</Filter>
    </ClInclude>
    <ClInclude Include="include\Direct3D10Renderer\PipelineState\PipelineState.h">
      <Filter>Source Files\PipelineState</Filter>
    </ClInclude>
    <ClInclude Include="include\Direct3D10Renderer\Buffer\UniformBuffer.h">
      <Filter>Source Files\Buffer</Filter>
    </ClInclude>
    <ClInclude Include="include\Direct3D10Renderer\Buffer\VertexBuffer.h">
      <Filter>Source Files\Buffer</Filter>
    </ClInclude>
    <ClInclude Include="include\Direct3D10Renderer\Buffer\IndexBuffer.h">
      <Filter>Source Files\Buffer</Filter>
    </ClInclude>
    <ClInclude Include="include\Direct3D10Renderer\Buffer\VertexArray.h">
      <Filter>Source Files\Buffer</Filter>
    </ClInclude>
  </ItemGroup>
  <ItemGroup>
    <ClCompile Include="src\Shader\GeometryShaderHlsl.cpp">
      <Filter>Source Files\Shader</Filter>
    </ClCompile>
    <ClCompile Include="src\Shader\ProgramHlsl.cpp">
      <Filter>Source Files\Shader</Filter>
    </ClCompile>
    <ClCompile Include="src\Shader\ShaderLanguageHlsl.cpp">
      <Filter>Source Files\Shader</Filter>
    </ClCompile>
    <ClCompile Include="src\Shader\VertexShaderHlsl.cpp">
      <Filter>Source Files\Shader</Filter>
    </ClCompile>
    <ClCompile Include="src\Shader\FragmentShaderHlsl.cpp">
      <Filter>Source Files\Shader</Filter>
    </ClCompile>
    <ClCompile Include="src\Direct3D9RuntimeLinking.cpp">
      <Filter>Source Files</Filter>
    </ClCompile>
    <ClCompile Include="src\Direct3D10Renderer.cpp">
      <Filter>Source Files</Filter>
    </ClCompile>
    <ClCompile Include="src\Direct3D10RuntimeLinking.cpp">
      <Filter>Source Files</Filter>
    </ClCompile>
    <ClCompile Include="src\Framebuffer.cpp">
      <Filter>Source Files</Filter>
    </ClCompile>
    <ClCompile Include="src\Guid.cpp">
      <Filter>Source Files</Filter>
    </ClCompile>
    <ClCompile Include="src\Mapping.cpp">
      <Filter>Source Files</Filter>
    </ClCompile>
    <ClCompile Include="src\SwapChain.cpp">
      <Filter>Source Files</Filter>
    </ClCompile>
    <ClCompile Include="src\RootSignature.cpp">
      <Filter>Source Files</Filter>
    </ClCompile>
    <ClCompile Include="src\PipelineState\RasterizerState.cpp">
      <Filter>Source Files\PipelineState</Filter>
    </ClCompile>
    <ClCompile Include="src\PipelineState\BlendState.cpp">
      <Filter>Source Files\PipelineState</Filter>
    </ClCompile>
    <ClCompile Include="src\PipelineState\DepthStencilState.cpp">
      <Filter>Source Files\PipelineState</Filter>
    </ClCompile>
    <ClCompile Include="src\PipelineState\PipelineState.cpp">
      <Filter>Source Files\PipelineState</Filter>
    </ClCompile>
    <ClCompile Include="src\Texture\Texture2D.cpp">
      <Filter>Source Files\Texture</Filter>
    </ClCompile>
    <ClCompile Include="src\Texture\Texture2DArray.cpp">
      <Filter>Source Files\Texture</Filter>
    </ClCompile>
    <ClCompile Include="src\Texture\TextureBuffer.cpp">
      <Filter>Source Files\Texture</Filter>
    </ClCompile>
    <ClCompile Include="src\Texture\SamplerState.cpp">
      <Filter>Source Files\Texture</Filter>
    </ClCompile>
    <ClCompile Include="src\Buffer\UniformBuffer.cpp">
      <Filter>Source Files\Buffer</Filter>
    </ClCompile>
    <ClCompile Include="src\Buffer\VertexBuffer.cpp">
      <Filter>Source Files\Buffer</Filter>
    </ClCompile>
    <ClCompile Include="src\Buffer\IndexBuffer.cpp">
      <Filter>Source Files\Buffer</Filter>
    </ClCompile>
    <ClCompile Include="src\Buffer\VertexArray.cpp">
      <Filter>Source Files\Buffer</Filter>
    </ClCompile>
  </ItemGroup>
</Project>