<?xml version="1.0" encoding="utf-8"?>
<Project ToolsVersion="4.0" xmlns="http://schemas.microsoft.com/developer/msbuild/2003">
  <ItemGroup>
    <Filter Include="Source Files">
      <UniqueIdentifier>{4FC737F1-C7A5-4376-A066-2A32D752A2FF}</UniqueIdentifier>
      <Extensions>cpp;c;cc;cxx;def;odl;idl;hpj;bat;asm;asmx</Extensions>
    </Filter>
    <Filter Include="Source Files\Shader">
      <UniqueIdentifier>{ebcd93d1-1f68-41ad-a8df-ee6c4e0b4000}</UniqueIdentifier>
    </Filter>
    <Filter Include="Source Files\Texture">
      <UniqueIdentifier>{8552b7e7-308a-409e-9821-806a0b605b19}</UniqueIdentifier>
    </Filter>
    <Filter Include="Source Files\Buffer">
      <UniqueIdentifier>{94b68e4c-0dea-4824-9043-57a0b0f0c01b}</UniqueIdentifier>
    </Filter>
    <Filter Include="Source Files\RenderTarget">
      <UniqueIdentifier>{b183ad49-0fa2-4d12-8fc4-b11bfbae3d55}</UniqueIdentifier>
    </Filter>
    <Filter Include="Source Files\State">
      <UniqueIdentifier>{8e3ca793-4003-46a2-ae93-daa7ac48ec75}</UniqueIdentifier>
    </Filter>
  </ItemGroup>
  <ItemGroup>
    <None Include="Readme.txt" />
    <None Include="CMakeLists.txt" />
    <None Include="include\Direct3D9Renderer\Shader\ProgramHlsl.inl">
      <Filter>Source Files\Shader</Filter>
    </None>
    <None Include="include\Direct3D9Renderer\Shader\VertexShaderHlsl.inl">
      <Filter>Source Files\Shader</Filter>
    </None>
    <None Include="include\Direct3D9Renderer\Shader\FragmentShaderHlsl.inl">
      <Filter>Source Files\Shader</Filter>
    </None>
    <None Include="include\Direct3D9Renderer\Direct3D9Renderer.inl">
      <Filter>Source Files</Filter>
    </None>
    <None Include="include\Direct3D9Renderer\RootSignature.inl">
      <Filter>Source Files</Filter>
    </None>
    <None Include="include\Direct3D9Renderer\Texture\Texture2D.inl">
      <Filter>Source Files\Texture</Filter>
    </None>
    <None Include="include\Direct3D9Renderer\Buffer\IndexBuffer.inl">
      <Filter>Source Files\Buffer</Filter>
    </None>
    <None Include="include\Direct3D9Renderer\Buffer\VertexBuffer.inl">
      <Filter>Source Files\Buffer</Filter>
    </None>
    <None Include="include\Direct3D9Renderer\RenderTarget\Framebuffer.inl">
      <Filter>Source Files\RenderTarget</Filter>
    </None>
    <None Include="include\Direct3D9Renderer\RenderTarget\SwapChain.inl">
      <Filter>Source Files\RenderTarget</Filter>
    </None>
    <None Include="include\Direct3D9Renderer\State\IState.inl">
      <Filter>Source Files\State</Filter>
    </None>
    <None Include="include\Direct3D9Renderer\State\PipelineState.inl">
      <Filter>Source Files\State</Filter>
    </None>
  </ItemGroup>
  <ItemGroup>
    <ClInclude Include="include\Direct3D9Renderer\Shader\ProgramHlsl.h">
      <Filter>Source Files\Shader</Filter>
    </ClInclude>
    <ClInclude Include="include\Direct3D9Renderer\Shader\ShaderLanguageHlsl.h">
      <Filter>Source Files\Shader</Filter>
    </ClInclude>
    <ClInclude Include="include\Direct3D9Renderer\Shader\VertexShaderHlsl.h">
      <Filter>Source Files\Shader</Filter>
    </ClInclude>
    <ClInclude Include="include\Direct3D9Renderer\Shader\FragmentShaderHlsl.h">
      <Filter>Source Files\Shader</Filter>
    </ClInclude>
    <ClInclude Include="include\Direct3D9Renderer\Direct3D9Renderer.h">
      <Filter>Source Files</Filter>
    </ClInclude>
    <ClInclude Include="include\Direct3D9Renderer\Direct3D9RuntimeLinking.h">
      <Filter>Source Files</Filter>
    </ClInclude>
    <ClInclude Include="include\Direct3D9Renderer\Guid.h">
      <Filter>Source Files</Filter>
    </ClInclude>
    <ClInclude Include="include\Direct3D9Renderer\Mapping.h">
      <Filter>Source Files</Filter>
    </ClInclude>
    <ClInclude Include="include\Direct3D9Renderer\d3d9.h">
      <Filter>Source Files</Filter>
    </ClInclude>
    <ClInclude Include="include\Direct3D9Renderer\d3dx9.h">
      <Filter>Source Files</Filter>
    </ClInclude>
    <ClInclude Include="include\Direct3D9Renderer\Direct3D9Debug.h">
      <Filter>Source Files</Filter>
    </ClInclude>
    <ClInclude Include="include\Direct3D9Renderer\RootSignature.h">
      <Filter>Source Files</Filter>
    </ClInclude>
    <ClInclude Include="include\Direct3D9Renderer\Texture\Texture2D.h">
      <Filter>Source Files\Texture</Filter>
    </ClInclude>
    <ClInclude Include="include\Direct3D9Renderer\Buffer\VertexBuffer.h">
      <Filter>Source Files\Buffer</Filter>
    </ClInclude>
    <ClInclude Include="include\Direct3D9Renderer\Buffer\IndexBuffer.h">
      <Filter>Source Files\Buffer</Filter>
    </ClInclude>
    <ClInclude Include="include\Direct3D9Renderer\Buffer\VertexArray.h">
      <Filter>Source Files\Buffer</Filter>
    </ClInclude>
    <ClInclude Include="include\Direct3D9Renderer\RenderTarget\SwapChain.h">
      <Filter>Source Files\RenderTarget</Filter>
    </ClInclude>
    <ClInclude Include="include\Direct3D9Renderer\RenderTarget\Framebuffer.h">
      <Filter>Source Files\RenderTarget</Filter>
    </ClInclude>
    <ClInclude Include="include\Direct3D9Renderer\State\DepthStencilState.h">
      <Filter>Source Files\State</Filter>
    </ClInclude>
    <ClInclude Include="include\Direct3D9Renderer\State\IState.h">
      <Filter>Source Files\State</Filter>
    </ClInclude>
    <ClInclude Include="include\Direct3D9Renderer\State\PipelineState.h">
      <Filter>Source Files\State</Filter>
    </ClInclude>
    <ClInclude Include="include\Direct3D9Renderer\State\RasterizerState.h">
      <Filter>Source Files\State</Filter>
    </ClInclude>
    <ClInclude Include="include\Direct3D9Renderer\State\BlendState.h">
      <Filter>Source Files\State</Filter>
    </ClInclude>
    <ClInclude Include="include\Direct3D9Renderer\State\SamplerState.h">
      <Filter>Source Files\State</Filter>
    </ClInclude>
  </ItemGroup>
  <ItemGroup>
    <ClCompile Include="src\Shader\ProgramHlsl.cpp">
      <Filter>Source Files\Shader</Filter>
    </ClCompile>
    <ClCompile Include="src\Shader\ShaderLanguageHlsl.cpp">
      <Filter>Source Files\Shader</Filter>
    </ClCompile>
    <ClCompile Include="src\Shader\VertexShaderHlsl.cpp">
      <Filter>Source Files\Shader</Filter>
    </ClCompile>
    <ClCompile Include="src\Shader\FragmentShaderHlsl.cpp">
      <Filter>Source Files\Shader</Filter>
    </ClCompile>
    <ClCompile Include="src\Direct3D9Renderer.cpp">
      <Filter>Source Files</Filter>
    </ClCompile>
    <ClCompile Include="src\Direct3D9RuntimeLinking.cpp">
      <Filter>Source Files</Filter>
    </ClCompile>
    <ClCompile Include="src\Guid.cpp">
      <Filter>Source Files</Filter>
    </ClCompile>
    <ClCompile Include="src\Mapping.cpp">
      <Filter>Source Files</Filter>
    </ClCompile>
    <ClCompile Include="src\RootSignature.cpp">
      <Filter>Source Files</Filter>
    </ClCompile>
    <ClCompile Include="src\Texture\Texture2D.cpp">
      <Filter>Source Files\Texture</Filter>
    </ClCompile>
    <ClCompile Include="src\Buffer\IndexBuffer.cpp">
      <Filter>Source Files\Buffer</Filter>
    </ClCompile>
    <ClCompile Include="src\Buffer\VertexBuffer.cpp">
      <Filter>Source Files\Buffer</Filter>
    </ClCompile>
    <ClCompile Include="src\Buffer\VertexArray.cpp">
      <Filter>Source Files\Buffer</Filter>
    </ClCompile>
    <ClCompile Include="src\RenderTarget\SwapChain.cpp">
      <Filter>Source Files\RenderTarget</Filter>
    </ClCompile>
    <ClCompile Include="src\RenderTarget\Framebuffer.cpp">
      <Filter>Source Files\RenderTarget</Filter>
    </ClCompile>
    <ClCompile Include="src\State\DepthStencilState.cpp">
      <Filter>Source Files\State</Filter>
    </ClCompile>
    <ClCompile Include="src\State\PipelineState.cpp">
      <Filter>Source Files\State</Filter>
    </ClCompile>
    <ClCompile Include="src\State\RasterizerState.cpp">
      <Filter>Source Files\State</Filter>
    </ClCompile>
    <ClCompile Include="src\State\BlendState.cpp">
      <Filter>Source Files\State</Filter>
    </ClCompile>
    <ClCompile Include="src\State\SamplerState.cpp">
      <Filter>Source Files\State</Filter>
    </ClCompile>
  </ItemGroup>
</Project>