<?xml version="1.0" encoding="utf-8"?>
<Project ToolsVersion="4.0" xmlns="http://schemas.microsoft.com/developer/msbuild/2003">
  <ItemGroup>
    <Filter Include="Source Files">
      <UniqueIdentifier>{4FC737F1-C7A5-4376-A066-2A32D752A2FF}</UniqueIdentifier>
      <Extensions>cpp;c;cc;cxx;def;odl;idl;hpj;bat;asm;asmx</Extensions>
    </Filter>
    <Filter Include="Source Files\Shader">
      <UniqueIdentifier>{72ac5f21-945f-4478-9caf-96bb19fc33cd}</UniqueIdentifier>
    </Filter>
    <Filter Include="Source Files\PipelineState">
      <UniqueIdentifier>{5cf85777-e281-44f4-a5e4-8f08505f0772}</UniqueIdentifier>
    </Filter>
  </ItemGroup>
  <ItemGroup>
    <None Include="Readme.txt" />
    <None Include="CMakeLists.txt" />
    <None Include="include\Direct3D11Renderer\Shader\ProgramHlsl.inl">
      <Filter>Source Files\Shader</Filter>
    </None>
    <None Include="include\Direct3D11Renderer\Shader\TessellationControlShaderHlsl.inl">
      <Filter>Source Files\Shader</Filter>
    </None>
    <None Include="include\Direct3D11Renderer\Shader\TessellationEvaluationShaderHlsl.inl">
      <Filter>Source Files\Shader</Filter>
    </None>
    <None Include="include\Direct3D11Renderer\Shader\VertexShaderHlsl.inl">
      <Filter>Source Files\Shader</Filter>
    </None>
    <None Include="include\Direct3D11Renderer\Shader\FragmentShaderHlsl.inl">
      <Filter>Source Files\Shader</Filter>
    </None>
    <None Include="include\Direct3D11Renderer\Shader\GeometryShaderHlsl.inl">
      <Filter>Source Files\Shader</Filter>
    </None>
    <None Include="include\Direct3D11Renderer\SamplerState.inl">
      <Filter>Source Files</Filter>
    </None>
    <None Include="include\Direct3D11Renderer\SwapChain.inl">
      <Filter>Source Files</Filter>
    </None>
    <None Include="include\Direct3D11Renderer\Texture2D.inl">
      <Filter>Source Files</Filter>
    </None>
    <None Include="include\Direct3D11Renderer\Texture2DArray.inl">
      <Filter>Source Files</Filter>
    </None>
    <None Include="include\Direct3D11Renderer\TextureBuffer.inl">
      <Filter>Source Files</Filter>
    </None>
    <None Include="include\Direct3D11Renderer\VertexBuffer.inl">
      <Filter>Source Files</Filter>
    </None>
    <None Include="include\Direct3D11Renderer\Direct3D11Renderer.inl">
      <Filter>Source Files</Filter>
    </None>
    <None Include="include\Direct3D11Renderer\Framebuffer.inl">
      <Filter>Source Files</Filter>
    </None>
    <None Include="include\Direct3D11Renderer\IndexBuffer.inl">
      <Filter>Source Files</Filter>
    </None>
    <None Include="include\Direct3D11Renderer\PipelineState.inl">
      <Filter>Source Files</Filter>
    </None>
    <None Include="include\Direct3D11Renderer\RootSignature.inl">
      <Filter>Source Files</Filter>
    </None>
    <None Include="include\Direct3D11Renderer\UniformBuffer.inl">
      <Filter>Source Files</Filter>
    </None>
    <None Include="include\Direct3D11Renderer\PipelineState\DepthStencilState.inl">
      <Filter>Source Files\PipelineState</Filter>
    </None>
    <None Include="include\Direct3D11Renderer\PipelineState\IState.inl">
      <Filter>Source Files\PipelineState</Filter>
    </None>
    <None Include="include\Direct3D11Renderer\PipelineState\RasterizerState.inl">
      <Filter>Source Files\PipelineState</Filter>
    </None>
    <None Include="include\Direct3D11Renderer\PipelineState\BlendState.inl">
      <Filter>Source Files\PipelineState</Filter>
    </None>
  </ItemGroup>
  <ItemGroup>
    <ClInclude Include="include\Direct3D11Renderer\Shader\ShaderLanguageHlsl.h">
      <Filter>Source Files\Shader</Filter>
    </ClInclude>
    <ClInclude Include="include\Direct3D11Renderer\Shader\TessellationControlShaderHlsl.h">
      <Filter>Source Files\Shader</Filter>
    </ClInclude>
    <ClInclude Include="include\Direct3D11Renderer\Shader\TessellationEvaluationShaderHlsl.h">
      <Filter>Source Files\Shader</Filter>
    </ClInclude>
    <ClInclude Include="include\Direct3D11Renderer\Shader\VertexShaderHlsl.h">
      <Filter>Source Files\Shader</Filter>
    </ClInclude>
    <ClInclude Include="include\Direct3D11Renderer\Shader\FragmentShaderHlsl.h">
      <Filter>Source Files\Shader</Filter>
    </ClInclude>
    <ClInclude Include="include\Direct3D11Renderer\Shader\GeometryShaderHlsl.h">
      <Filter>Source Files\Shader</Filter>
    </ClInclude>
    <ClInclude Include="include\Direct3D11Renderer\Shader\ProgramHlsl.h">
      <Filter>Source Files\Shader</Filter>
    </ClInclude>
    <ClInclude Include="include\Direct3D11Renderer\Mapping.h">
      <Filter>Source Files</Filter>
    </ClInclude>
    <ClInclude Include="include\Direct3D11Renderer\SamplerState.h">
      <Filter>Source Files</Filter>
    </ClInclude>
    <ClInclude Include="include\Direct3D11Renderer\SwapChain.h">
      <Filter>Source Files</Filter>
    </ClInclude>
    <ClInclude Include="include\Direct3D11Renderer\Texture2D.h">
      <Filter>Source Files</Filter>
    </ClInclude>
    <ClInclude Include="include\Direct3D11Renderer\Texture2DArray.h">
      <Filter>Source Files</Filter>
    </ClInclude>
    <ClInclude Include="include\Direct3D11Renderer\TextureBuffer.h">
      <Filter>Source Files</Filter>
    </ClInclude>
    <ClInclude Include="include\Direct3D11Renderer\VertexArray.h">
      <Filter>Source Files</Filter>
    </ClInclude>
    <ClInclude Include="include\Direct3D11Renderer\VertexBuffer.h">
      <Filter>Source Files</Filter>
    </ClInclude>
    <ClInclude Include="include\Direct3D11Renderer\D3D11.h">
      <Filter>Source Files</Filter>
    </ClInclude>
    <ClInclude Include="include\Direct3D11Renderer\Direct3D9RuntimeLinking.h">
      <Filter>Source Files</Filter>
    </ClInclude>
    <ClInclude Include="include\Direct3D11Renderer\Direct3D11Debug.h">
      <Filter>Source Files</Filter>
    </ClInclude>
    <ClInclude Include="include\Direct3D11Renderer\Direct3D11Renderer.h">
      <Filter>Source Files</Filter>
    </ClInclude>
    <ClInclude Include="include\Direct3D11Renderer\Direct3D11RuntimeLinking.h">
      <Filter>Source Files</Filter>
    </ClInclude>
    <ClInclude Include="include\Direct3D11Renderer\Framebuffer.h">
      <Filter>Source Files</Filter>
    </ClInclude>
    <ClInclude Include="include\Direct3D11Renderer\Guid.h">
      <Filter>Source Files</Filter>
    </ClInclude>
    <ClInclude Include="include\Direct3D11Renderer\IndexBuffer.h">
      <Filter>Source Files</Filter>
    </ClInclude>
    <ClInclude Include="include\Direct3D11Renderer\PipelineState.h">
      <Filter>Source Files</Filter>
    </ClInclude>
    <ClInclude Include="include\Direct3D11Renderer\RootSignature.h">
      <Filter>Source Files</Filter>
    </ClInclude>
    <ClInclude Include="include\Direct3D11Renderer\UniformBuffer.h">
      <Filter>Source Files</Filter>
    </ClInclude>
    <ClInclude Include="include\Direct3D11Renderer\PipelineState\DepthStencilState.h">
      <Filter>Source Files\PipelineState</Filter>
    </ClInclude>
    <ClInclude Include="include\Direct3D11Renderer\PipelineState\IState.h">
      <Filter>Source Files\PipelineState</Filter>
    </ClInclude>
    <ClInclude Include="include\Direct3D11Renderer\PipelineState\RasterizerState.h">
      <Filter>Source Files\PipelineState</Filter>
    </ClInclude>
    <ClInclude Include="include\Direct3D11Renderer\PipelineState\BlendState.h">
      <Filter>Source Files\PipelineState</Filter>
    </ClInclude>
  </ItemGroup>
  <ItemGroup>
    <ClCompile Include="src\Shader\ShaderLanguageHlsl.cpp">
      <Filter>Source Files\Shader</Filter>
    </ClCompile>
    <ClCompile Include="src\Shader\TessellationControlShaderHlsl.cpp">
      <Filter>Source Files\Shader</Filter>
    </ClCompile>
    <ClCompile Include="src\Shader\TessellationEvaluationShaderHlsl.cpp">
      <Filter>Source Files\Shader</Filter>
    </ClCompile>
    <ClCompile Include="src\Shader\VertexShaderHlsl.cpp">
      <Filter>Source Files\Shader</Filter>
    </ClCompile>
    <ClCompile Include="src\Shader\FragmentShaderHlsl.cpp">
      <Filter>Source Files\Shader</Filter>
    </ClCompile>
    <ClCompile Include="src\Shader\GeometryShaderHlsl.cpp">
      <Filter>Source Files\Shader</Filter>
    </ClCompile>
    <ClCompile Include="src\Shader\ProgramHlsl.cpp">
      <Filter>Source Files\Shader</Filter>
    </ClCompile>
    <ClCompile Include="src\Direct3D9RuntimeLinking.cpp">
      <Filter>Source Files</Filter>
    </ClCompile>
    <ClCompile Include="src\Direct3D11Renderer.cpp">
      <Filter>Source Files</Filter>
    </ClCompile>
    <ClCompile Include="src\Direct3D11RuntimeLinking.cpp">
      <Filter>Source Files</Filter>
    </ClCompile>
    <ClCompile Include="src\Framebuffer.cpp">
      <Filter>Source Files</Filter>
    </ClCompile>
    <ClCompile Include="src\Guid.cpp">
      <Filter>Source Files</Filter>
    </ClCompile>
    <ClCompile Include="src\IndexBuffer.cpp">
      <Filter>Source Files</Filter>
    </ClCompile>
    <ClCompile Include="src\Mapping.cpp">
      <Filter>Source Files</Filter>
    </ClCompile>
    <ClCompile Include="src\SamplerState.cpp">
      <Filter>Source Files</Filter>
    </ClCompile>
    <ClCompile Include="src\SwapChain.cpp">
      <Filter>Source Files</Filter>
    </ClCompile>
    <ClCompile Include="src\Texture2D.cpp">
      <Filter>Source Files</Filter>
    </ClCompile>
    <ClCompile Include="src\Texture2DArray.cpp">
      <Filter>Source Files</Filter>
    </ClCompile>
    <ClCompile Include="src\TextureBuffer.cpp">
      <Filter>Source Files</Filter>
    </ClCompile>
    <ClCompile Include="src\VertexArray.cpp">
      <Filter>Source Files</Filter>
    </ClCompile>
    <ClCompile Include="src\VertexBuffer.cpp">
      <Filter>Source Files</Filter>
    </ClCompile>
    <ClCompile Include="src\PipelineState.cpp">
      <Filter>Source Files</Filter>
    </ClCompile>
    <ClCompile Include="src\RootSignature.cpp">
      <Filter>Source Files</Filter>
    </ClCompile>
    <ClCompile Include="src\UniformBuffer.cpp">
      <Filter>Source Files</Filter>
    </ClCompile>
    <ClCompile Include="src\PipelineState\BlendState.cpp">
      <Filter>Source Files\PipelineState</Filter>
    </ClCompile>
    <ClCompile Include="src\PipelineState\DepthStencilState.cpp">
      <Filter>Source Files\PipelineState</Filter>
    </ClCompile>
    <ClCompile Include="src\PipelineState\RasterizerState.cpp">
      <Filter>Source Files\PipelineState</Filter>
    </ClCompile>
  </ItemGroup>
</Project>