<?xml version="1.0" encoding="utf-8"?>
<Project ToolsVersion="4.0" xmlns="http://schemas.microsoft.com/developer/msbuild/2003">
  <ItemGroup>
    <Filter Include="Source Files">
      <UniqueIdentifier>{4FC737F1-C7A5-4376-A066-2A32D752A2FF}</UniqueIdentifier>
      <Extensions>cpp;c;cc;cxx;def;odl;idl;hpj;bat;asm;asmx</Extensions>
    </Filter>
  </ItemGroup>
  <ItemGroup>
    <ClInclude Include="include\NullRenderer\BlendState.h">
      <Filter>Source Files</Filter>
    </ClInclude>
    <ClInclude Include="include\NullRenderer\DepthStencilState.h">
      <Filter>Source Files</Filter>
    </ClInclude>
    <ClInclude Include="include\NullRenderer\FragmentShader.h">
      <Filter>Source Files</Filter>
    </ClInclude>
    <ClInclude Include="include\NullRenderer\Framebuffer.h">
      <Filter>Source Files</Filter>
    </ClInclude>
    <ClInclude Include="include\NullRenderer\GeometryShader.h">
      <Filter>Source Files</Filter>
    </ClInclude>
    <ClInclude Include="include\NullRenderer\IndexBuffer.h">
      <Filter>Source Files</Filter>
    </ClInclude>
    <ClInclude Include="include\NullRenderer\NullDebug.h">
      <Filter>Source Files</Filter>
    </ClInclude>
    <ClInclude Include="include\NullRenderer\Program.h">
      <Filter>Source Files</Filter>
    </ClInclude>
    <ClInclude Include="include\NullRenderer\RasterizerState.h">
      <Filter>Source Files</Filter>
    </ClInclude>
    <ClInclude Include="include\NullRenderer\NullRenderer.h">
      <Filter>Source Files</Filter>
    </ClInclude>
    <ClInclude Include="include\NullRenderer\SamplerState.h">
      <Filter>Source Files</Filter>
    </ClInclude>
    <ClInclude Include="include\NullRenderer\SamplerStateCollection.h">
      <Filter>Source Files</Filter>
    </ClInclude>
    <ClInclude Include="include\NullRenderer\ShaderLanguage.h">
      <Filter>Source Files</Filter>
    </ClInclude>
    <ClInclude Include="include\NullRenderer\SwapChain.h">
      <Filter>Source Files</Filter>
    </ClInclude>
    <ClInclude Include="include\NullRenderer\TessellationControlShader.h">
      <Filter>Source Files</Filter>
    </ClInclude>
    <ClInclude Include="include\NullRenderer\TessellationEvaluationShader.h">
      <Filter>Source Files</Filter>
    </ClInclude>
    <ClInclude Include="include\NullRenderer\Texture2D.h">
      <Filter>Source Files</Filter>
    </ClInclude>
    <ClInclude Include="include\NullRenderer\Texture2DArray.h">
      <Filter>Source Files</Filter>
    </ClInclude>
    <ClInclude Include="include\NullRenderer\TextureBuffer.h">
      <Filter>Source Files</Filter>
    </ClInclude>
    <ClInclude Include="include\NullRenderer\TextureCollection.h">
      <Filter>Source Files</Filter>
    </ClInclude>
    <ClInclude Include="include\NullRenderer\UniformBuffer.h">
      <Filter>Source Files</Filter>
    </ClInclude>
    <ClInclude Include="include\NullRenderer\VertexArray.h">
      <Filter>Source Files</Filter>
    </ClInclude>
    <ClInclude Include="include\NullRenderer\VertexBuffer.h">
      <Filter>Source Files</Filter>
    </ClInclude>
    <ClInclude Include="include\NullRenderer\VertexShader.h">
      <Filter>Source Files</Filter>
    </ClInclude>
  </ItemGroup>
  <ItemGroup>
    <ClCompile Include="src\NullRenderer.cpp">
      <Filter>Source Files</Filter>
    </ClCompile>
    <ClCompile Include="src\Texture2D.cpp">
      <Filter>Source Files</Filter>
    </ClCompile>
    <ClCompile Include="src\VertexBuffer.cpp">
      <Filter>Source Files</Filter>
    </ClCompile>
    <ClCompile Include="src\IndexBuffer.cpp">
      <Filter>Source Files</Filter>
    </ClCompile>
    <ClCompile Include="src\Program.cpp">
      <Filter>Source Files</Filter>
    </ClCompile>
    <ClCompile Include="src\DepthStencilState.cpp">
      <Filter>Source Files</Filter>
    </ClCompile>
    <ClCompile Include="src\RasterizerState.cpp">
      <Filter>Source Files</Filter>
    </ClCompile>
    <ClCompile Include="src\BlendState.cpp">
      <Filter>Source Files</Filter>
    </ClCompile>
    <ClCompile Include="src\UniformBuffer.cpp">
      <Filter>Source Files</Filter>
    </ClCompile>
    <ClCompile Include="src\TextureBuffer.cpp">
      <Filter>Source Files</Filter>
    </ClCompile>
    <ClCompile Include="src\Texture2DArray.cpp">
      <Filter>Source Files</Filter>
    </ClCompile>
    <ClCompile Include="src\VertexArray.cpp">
      <Filter>Source Files</Filter>
    </ClCompile>
    <ClCompile Include="src\SamplerState.cpp">
      <Filter>Source Files</Filter>
    </ClCompile>
    <ClCompile Include="src\ShaderLanguage.cpp">
      <Filter>Source Files</Filter>
    </ClCompile>
    <ClCompile Include="src\TessellationEvaluationShader.cpp">
      <Filter>Source Files</Filter>
    </ClCompile>
    <ClCompile Include="src\VertexShader.cpp">
      <Filter>Source Files</Filter>
    </ClCompile>
    <ClCompile Include="src\FragmentShader.cpp">
      <Filter>Source Files</Filter>
    </ClCompile>
    <ClCompile Include="src\GeometryShader.cpp">
      <Filter>Source Files</Filter>
    </ClCompile>
    <ClCompile Include="src\TessellationControlShader.cpp">
      <Filter>Source Files</Filter>
    </ClCompile>
    <ClCompile Include="src\TextureCollection.cpp">
      <Filter>Source Files</Filter>
    </ClCompile>
    <ClCompile Include="src\SamplerStateCollection.cpp">
      <Filter>Source Files</Filter>
    </ClCompile>
    <ClCompile Include="src\Framebuffer.cpp">
      <Filter>Source Files</Filter>
    </ClCompile>
    <ClCompile Include="src\SwapChain.cpp">
      <Filter>Source Files</Filter>
    </ClCompile>
  </ItemGroup>
  <ItemGroup>
    <None Include="Readme.txt" />
    <None Include="CMakeLists.txt" />
    <None Include="include\NullRenderer\SwapChain.inl">
      <Filter>Source Files</Filter>
    </None>
  </ItemGroup>
</Project>