<?xml version="1.0" encoding="utf-8"?>
<Project ToolsVersion="4.0" xmlns="http://schemas.microsoft.com/developer/msbuild/2003">
  <ItemGroup>
    <None Include="Readme.txt" />
    <None Include="CMakeLists.txt" />
    <None Include="include\OpenGLES2Renderer\Shader\ShaderLanguage.inl">
      <Filter>Source Files\Shader</Filter>
    </None>
    <None Include="include\OpenGLES2Renderer\Shader\VertexShaderGlsl.inl">
      <Filter>Source Files\Shader</Filter>
    </None>
    <None Include="include\OpenGLES2Renderer\Shader\FragmentShaderGlsl.inl">
      <Filter>Source Files\Shader</Filter>
    </None>
    <None Include="include\OpenGLES2Renderer\Shader\Program.inl">
      <Filter>Source Files\Shader</Filter>
    </None>
    <None Include="include\OpenGLES2Renderer\SwapChain.inl">
      <Filter>Source Files</Filter>
    </None>
    <None Include="include\OpenGLES2Renderer\Texture2D.inl">
      <Filter>Source Files</Filter>
    </None>
    <None Include="include\OpenGLES2Renderer\Texture2DArray.inl">
      <Filter>Source Files</Filter>
    </None>
    <None Include="include\OpenGLES2Renderer\VertexArray.inl">
      <Filter>Source Files</Filter>
    </None>
    <None Include="include\OpenGLES2Renderer\VertexArrayVao.inl">
      <Filter>Source Files</Filter>
    </None>
    <None Include="include\OpenGLES2Renderer\VertexBuffer.inl">
      <Filter>Source Files</Filter>
    </None>
    <None Include="include\OpenGLES2Renderer\ExtensionsRuntimeLinking.inl">
      <Filter>Source Files</Filter>
    </None>
    <None Include="include\OpenGLES2Renderer\Framebuffer.inl">
      <Filter>Source Files</Filter>
    </None>
    <None Include="include\OpenGLES2Renderer\IContext.inl">
      <Filter>Source Files</Filter>
    </None>
    <None Include="include\OpenGLES2Renderer\IndexBuffer.inl">
      <Filter>Source Files</Filter>
    </None>
    <None Include="include\OpenGLES2Renderer\OpenGLES2Renderer.inl">
      <Filter>Source Files</Filter>
    </None>
    <None Include="include\OpenGLES2Renderer\PipelineState.inl">
      <Filter>Source Files</Filter>
    </None>
    <None Include="include\OpenGLES2Renderer\RootSignature.inl">
      <Filter>Source Files</Filter>
    </None>
    <None Include="include\OpenGLES2Renderer\Detail\RasterizerState.inl">
      <Filter>Source Files\Detail</Filter>
    </None>
  </ItemGroup>
  <ItemGroup>
    <Filter Include="Source Files">
      <UniqueIdentifier>{ad4f3c85-01f1-4d1a-932f-445fe1242503}</UniqueIdentifier>
    </Filter>
    <Filter Include="Source Files\Shader">
      <UniqueIdentifier>{7bb8b8f4-503c-4f55-ba5d-fb493a23cf0d}</UniqueIdentifier>
    </Filter>
    <Filter Include="Source Files\Detail">
      <UniqueIdentifier>{f5f05164-10f4-4eaf-a925-81f2fd00a245}</UniqueIdentifier>
    </Filter>
  </ItemGroup>
  <ItemGroup>
    <ClInclude Include="include\OpenGLES2Renderer\Shader\ShaderLanguageGlsl.h">
      <Filter>Source Files\Shader</Filter>
    </ClInclude>
    <ClInclude Include="include\OpenGLES2Renderer\Shader\VertexShader.h">
      <Filter>Source Files\Shader</Filter>
    </ClInclude>
    <ClInclude Include="include\OpenGLES2Renderer\Shader\VertexShaderGlsl.h">
      <Filter>Source Files\Shader</Filter>
    </ClInclude>
    <ClInclude Include="include\OpenGLES2Renderer\Shader\FragmentShader.h">
      <Filter>Source Files\Shader</Filter>
    </ClInclude>
    <ClInclude Include="include\OpenGLES2Renderer\Shader\FragmentShaderGlsl.h">
      <Filter>Source Files\Shader</Filter>
    </ClInclude>
    <ClInclude Include="include\OpenGLES2Renderer\Shader\Program.h">
      <Filter>Source Files\Shader</Filter>
    </ClInclude>
    <ClInclude Include="include\OpenGLES2Renderer\Shader\ProgramGlsl.h">
      <Filter>Source Files\Shader</Filter>
    </ClInclude>
    <ClInclude Include="include\OpenGLES2Renderer\Shader\ShaderLanguage.h">
      <Filter>Source Files\Shader</Filter>
    </ClInclude>
    <ClInclude Include="include\OpenGLES2Renderer\SamplerState.h">
      <Filter>Source Files</Filter>
    </ClInclude>
    <ClInclude Include="include\OpenGLES2Renderer\SwapChain.h">
      <Filter>Source Files</Filter>
    </ClInclude>
    <ClInclude Include="include\OpenGLES2Renderer\Texture2D.h">
      <Filter>Source Files</Filter>
    </ClInclude>
    <ClInclude Include="include\OpenGLES2Renderer\Texture2DArray.h">
      <Filter>Source Files</Filter>
    </ClInclude>
    <ClInclude Include="include\OpenGLES2Renderer\VertexArray.h">
      <Filter>Source Files</Filter>
    </ClInclude>
    <ClInclude Include="include\OpenGLES2Renderer\VertexArrayNoVao.h">
      <Filter>Source Files</Filter>
    </ClInclude>
    <ClInclude Include="include\OpenGLES2Renderer\VertexArrayVao.h">
      <Filter>Source Files</Filter>
    </ClInclude>
    <ClInclude Include="include\OpenGLES2Renderer\VertexBuffer.h">
      <Filter>Source Files</Filter>
    </ClInclude>
    <ClInclude Include="include\OpenGLES2Renderer\ContextRuntimeLinking.h">
      <Filter>Source Files</Filter>
    </ClInclude>
    <ClInclude Include="include\OpenGLES2Renderer\ExtensionsRuntimeLinking.h">
      <Filter>Source Files</Filter>
    </ClInclude>
    <ClInclude Include="include\OpenGLES2Renderer\Framebuffer.h">
      <Filter>Source Files</Filter>
    </ClInclude>
    <ClInclude Include="include\OpenGLES2Renderer\IContext.h">
      <Filter>Source Files</Filter>
    </ClInclude>
    <ClInclude Include="include\OpenGLES2Renderer\IExtensions.h">
      <Filter>Source Files</Filter>
    </ClInclude>
    <ClInclude Include="include\OpenGLES2Renderer\IndexBuffer.h">
      <Filter>Source Files</Filter>
    </ClInclude>
    <ClInclude Include="include\OpenGLES2Renderer\Mapping.h">
      <Filter>Source Files</Filter>
    </ClInclude>
    <ClInclude Include="include\OpenGLES2Renderer\OpenGLES2Debug.h">
      <Filter>Source Files</Filter>
    </ClInclude>
    <ClInclude Include="include\OpenGLES2Renderer\OpenGLES2Renderer.h">
      <Filter>Source Files</Filter>
    </ClInclude>
    <ClInclude Include="include\OpenGLES2Renderer\PipelineState.h">
      <Filter>Source Files</Filter>
    </ClInclude>
    <ClInclude Include="include\OpenGLES2Renderer\RootSignature.h">
      <Filter>Source Files</Filter>
    </ClInclude>
    <ClInclude Include="include\OpenGLES2Renderer\Detail\BlendState.h">
      <Filter>Source Files\Detail</Filter>
    </ClInclude>
    <ClInclude Include="include\OpenGLES2Renderer\Detail\DepthStencilState.h">
      <Filter>Source Files\Detail</Filter>
    </ClInclude>
    <ClInclude Include="include\OpenGLES2Renderer\Detail\RasterizerState.h">
      <Filter>Source Files\Detail</Filter>
    </ClInclude>
  </ItemGroup>
  <ItemGroup>
    <ClCompile Include="src\Shader\Program.cpp">
      <Filter>Source Files\Shader</Filter>
    </ClCompile>
    <ClCompile Include="src\Shader\ProgramGlsl.cpp">
      <Filter>Source Files\Shader</Filter>
    </ClCompile>
    <ClCompile Include="src\Shader\ShaderLanguage.cpp">
      <Filter>Source Files\Shader</Filter>
    </ClCompile>
    <ClCompile Include="src\Shader\ShaderLanguageGlsl.cpp">
      <Filter>Source Files\Shader</Filter>
    </ClCompile>
    <ClCompile Include="src\Shader\VertexShader.cpp">
      <Filter>Source Files\Shader</Filter>
    </ClCompile>
    <ClCompile Include="src\Shader\VertexShaderGlsl.cpp">
      <Filter>Source Files\Shader</Filter>
    </ClCompile>
    <ClCompile Include="src\Shader\FragmentShader.cpp">
      <Filter>Source Files\Shader</Filter>
    </ClCompile>
    <ClCompile Include="src\Shader\FragmentShaderGlsl.cpp">
      <Filter>Source Files\Shader</Filter>
    </ClCompile>
    <ClCompile Include="src\ExtensionsRuntimeLinking.cpp">
      <Filter>Source Files</Filter>
    </ClCompile>
    <ClCompile Include="src\Framebuffer.cpp">
      <Filter>Source Files</Filter>
    </ClCompile>
    <ClCompile Include="src\IContext.cpp">
      <Filter>Source Files</Filter>
    </ClCompile>
    <ClCompile Include="src\IExtensions.cpp">
      <Filter>Source Files</Filter>
    </ClCompile>
    <ClCompile Include="src\IndexBuffer.cpp">
      <Filter>Source Files</Filter>
    </ClCompile>
    <ClCompile Include="src\Mapping.cpp">
      <Filter>Source Files</Filter>
    </ClCompile>
    <ClCompile Include="src\OpenGLES2Renderer.cpp">
      <Filter>Source Files</Filter>
    </ClCompile>
    <ClCompile Include="src\SamplerState.cpp">
      <Filter>Source Files</Filter>
    </ClCompile>
    <ClCompile Include="src\SwapChain.cpp">
      <Filter>Source Files</Filter>
    </ClCompile>
    <ClCompile Include="src\Texture2D.cpp">
      <Filter>Source Files</Filter>
    </ClCompile>
    <ClCompile Include="src\Texture2DArray.cpp">
      <Filter>Source Files</Filter>
    </ClCompile>
    <ClCompile Include="src\VertexArray.cpp">
      <Filter>Source Files</Filter>
    </ClCompile>
    <ClCompile Include="src\VertexArrayNoVao.cpp">
      <Filter>Source Files</Filter>
    </ClCompile>
    <ClCompile Include="src\VertexArrayVao.cpp">
      <Filter>Source Files</Filter>
    </ClCompile>
    <ClCompile Include="src\VertexBuffer.cpp">
      <Filter>Source Files</Filter>
    </ClCompile>
    <ClCompile Include="src\ContextRuntimeLinking.cpp">
      <Filter>Source Files</Filter>
    </ClCompile>
    <ClCompile Include="src\PipelineState.cpp">
      <Filter>Source Files</Filter>
    </ClCompile>
    <ClCompile Include="src\RootSignature.cpp">
      <Filter>Source Files</Filter>
    </ClCompile>
    <ClCompile Include="src\Detail\RasterizerState.cpp">
      <Filter>Source Files\Detail</Filter>
    </ClCompile>
    <ClCompile Include="src\Detail\BlendState.cpp">
      <Filter>Source Files\Detail</Filter>
    </ClCompile>
    <ClCompile Include="src\Detail\DepthStencilState.cpp">
      <Filter>Source Files\Detail</Filter>
    </ClCompile>
  </ItemGroup>
</Project>