<?xml version="1.0" encoding="utf-8"?>
<Project ToolsVersion="4.0" xmlns="http://schemas.microsoft.com/developer/msbuild/2003">
  <ItemGroup>
    <Filter Include="Source Files">
      <UniqueIdentifier>{4FC737F1-C7A5-4376-A066-2A32D752A2FF}</UniqueIdentifier>
      <Extensions>cpp;c;cc;cxx;def;odl;idl;hpj;bat;asm;asmx</Extensions>
    </Filter>
    <Filter Include="Source Files\Shader">
      <UniqueIdentifier>{6bf0747f-a0d7-4efa-a55b-9b36aa25d0bd}</UniqueIdentifier>
    </Filter>
  </ItemGroup>
  <ItemGroup>
    <None Include="Readme.txt" />
    <None Include="CMakeLists.txt" />
    <None Include="include\NullRenderer\SwapChain.inl">
      <Filter>Source Files</Filter>
    </None>
    <None Include="include\NullRenderer\PipelineState.inl">
      <Filter>Source Files</Filter>
    </None>
    <None Include="include\NullRenderer\RootSignature.inl">
      <Filter>Source Files</Filter>
    </None>
  </ItemGroup>
  <ItemGroup>
    <ClInclude Include="include\NullRenderer\Shader\GeometryShader.h">
      <Filter>Source Files\Shader</Filter>
    </ClInclude>
    <ClInclude Include="include\NullRenderer\Shader\Program.h">
      <Filter>Source Files\Shader</Filter>
    </ClInclude>
    <ClInclude Include="include\NullRenderer\Shader\ShaderLanguage.h">
      <Filter>Source Files\Shader</Filter>
    </ClInclude>
    <ClInclude Include="include\NullRenderer\Shader\TessellationControlShader.h">
      <Filter>Source Files\Shader</Filter>
    </ClInclude>
    <ClInclude Include="include\NullRenderer\Shader\TessellationEvaluationShader.h">
      <Filter>Source Files\Shader</Filter>
    </ClInclude>
    <ClInclude Include="include\NullRenderer\Shader\UniformBuffer.h">
      <Filter>Source Files\Shader</Filter>
    </ClInclude>
    <ClInclude Include="include\NullRenderer\Shader\VertexShader.h">
      <Filter>Source Files\Shader</Filter>
    </ClInclude>
    <ClInclude Include="include\NullRenderer\Shader\FragmentShader.h">
      <Filter>Source Files\Shader</Filter>
    </ClInclude>
    <ClInclude Include="include\NullRenderer\Framebuffer.h">
      <Filter>Source Files</Filter>
    </ClInclude>
    <ClInclude Include="include\NullRenderer\IndexBuffer.h">
      <Filter>Source Files</Filter>
    </ClInclude>
    <ClInclude Include="include\NullRenderer\NullDebug.h">
      <Filter>Source Files</Filter>
    </ClInclude>
    <ClInclude Include="include\NullRenderer\NullRenderer.h">
      <Filter>Source Files</Filter>
    </ClInclude>
    <ClInclude Include="include\NullRenderer\SamplerState.h">
      <Filter>Source Files</Filter>
    </ClInclude>
    <ClInclude Include="include\NullRenderer\SwapChain.h">
      <Filter>Source Files</Filter>
    </ClInclude>
    <ClInclude Include="include\NullRenderer\Texture2D.h">
      <Filter>Source Files</Filter>
    </ClInclude>
    <ClInclude Include="include\NullRenderer\Texture2DArray.h">
      <Filter>Source Files</Filter>
    </ClInclude>
    <ClInclude Include="include\NullRenderer\TextureBuffer.h">
      <Filter>Source Files</Filter>
    </ClInclude>
    <ClInclude Include="include\NullRenderer\VertexArray.h">
      <Filter>Source Files</Filter>
    </ClInclude>
    <ClInclude Include="include\NullRenderer\VertexBuffer.h">
      <Filter>Source Files</Filter>
    </ClInclude>
    <ClInclude Include="include\NullRenderer\PipelineState.h">
      <Filter>Source Files</Filter>
    </ClInclude>
    <ClInclude Include="include\NullRenderer\RootSignature.h">
      <Filter>Source Files</Filter>
    </ClInclude>
  </ItemGroup>
  <ItemGroup>
    <ClCompile Include="src\Shader\GeometryShader.cpp">
      <Filter>Source Files\Shader</Filter>
    </ClCompile>
    <ClCompile Include="src\Shader\Program.cpp">
      <Filter>Source Files\Shader</Filter>
    </ClCompile>
    <ClCompile Include="src\Shader\ShaderLanguage.cpp">
      <Filter>Source Files\Shader</Filter>
    </ClCompile>
    <ClCompile Include="src\Shader\TessellationControlShader.cpp">
      <Filter>Source Files\Shader</Filter>
    </ClCompile>
    <ClCompile Include="src\Shader\TessellationEvaluationShader.cpp">
      <Filter>Source Files\Shader</Filter>
    </ClCompile>
    <ClCompile Include="src\Shader\UniformBuffer.cpp">
      <Filter>Source Files\Shader</Filter>
    </ClCompile>
    <ClCompile Include="src\Shader\VertexShader.cpp">
      <Filter>Source Files\Shader</Filter>
    </ClCompile>
    <ClCompile Include="src\Shader\FragmentShader.cpp">
      <Filter>Source Files\Shader</Filter>
    </ClCompile>
    <ClCompile Include="src\Framebuffer.cpp">
      <Filter>Source Files</Filter>
    </ClCompile>
    <ClCompile Include="src\IndexBuffer.cpp">
      <Filter>Source Files</Filter>
    </ClCompile>
    <ClCompile Include="src\NullRenderer.cpp">
      <Filter>Source Files</Filter>
    </ClCompile>
    <ClCompile Include="src\SamplerState.cpp">
      <Filter>Source Files</Filter>
    </ClCompile>
    <ClCompile Include="src\SwapChain.cpp">
      <Filter>Source Files</Filter>
    </ClCompile>
    <ClCompile Include="src\Texture2D.cpp">
      <Filter>Source Files</Filter>
    </ClCompile>
    <ClCompile Include="src\Texture2DArray.cpp">
      <Filter>Source Files</Filter>
    </ClCompile>
    <ClCompile Include="src\TextureBuffer.cpp">
      <Filter>Source Files</Filter>
    </ClCompile>
    <ClCompile Include="src\VertexArray.cpp">
      <Filter>Source Files</Filter>
    </ClCompile>
    <ClCompile Include="src\VertexBuffer.cpp">
      <Filter>Source Files</Filter>
    </ClCompile>
    <ClCompile Include="src\PipelineState.cpp">
      <Filter>Source Files</Filter>
    </ClCompile>
    <ClCompile Include="src\RootSignature.cpp">
      <Filter>Source Files</Filter>
    </ClCompile>
  </ItemGroup>
</Project>