<?xml version="1.0" encoding="utf-8"?>
<Project ToolsVersion="4.0" xmlns="http://schemas.microsoft.com/developer/msbuild/2003">
  <ItemGroup>
    <Filter Include="Source Files">
      <UniqueIdentifier>{4FC737F1-C7A5-4376-A066-2A32D752A2FF}</UniqueIdentifier>
      <Extensions>cpp;c;cc;cxx;def;odl;idl;hpj;bat;asm;asmx</Extensions>
    </Filter>
    <Filter Include="Source Files\Public">
      <UniqueIdentifier>{5c89bd99-c16c-46cd-8799-19fb55e5d704}</UniqueIdentifier>
    </Filter>
    <Filter Include="Source Files\AssetCompiler">
      <UniqueIdentifier>{fbfa5ba9-8296-4cc7-895f-5985ce94fffa}</UniqueIdentifier>
    </Filter>
    <Filter Include="Source Files\Project">
      <UniqueIdentifier>{8a47c378-fd4c-4668-9a62-4b5d1321f70f}</UniqueIdentifier>
    </Filter>
    <Filter Include="External">
      <UniqueIdentifier>{17d9842b-ca1e-4c31-9ab0-dbea29dfb4d5}</UniqueIdentifier>
    </Filter>
    <Filter Include="External\SimpleFileWatcher">
      <UniqueIdentifier>{eb860d5e-9e94-4150-b677-3b5a5047a3fa}</UniqueIdentifier>
    </Filter>
    <Filter Include="Source Files\Helper">
      <UniqueIdentifier>{f6aad327-91ba-4137-8b51-4ff62a29c0cb}</UniqueIdentifier>
    </Filter>
    <Filter Include="External\mikktspace">
      <UniqueIdentifier>{0931decb-44d0-4f6e-a373-f846631b1677}</UniqueIdentifier>
    </Filter>
    <Filter Include="Source Files\AssetImpoter">
      <UniqueIdentifier>{053cca99-41a1-4664-baf3-dd90a8cda31c}</UniqueIdentifier>
    </Filter>
    <Filter Include="External\crunch">
      <UniqueIdentifier>{9459f545-ff7c-4d1e-9703-a31f4dcd6675}</UniqueIdentifier>
    </Filter>
    <Filter Include="External\crunch\api">
      <UniqueIdentifier>{f6b546a3-35ad-454c-8151-6cc4d97b34eb}</UniqueIdentifier>
    </Filter>
    <Filter Include="External\crunch\comp">
      <UniqueIdentifier>{4404afcc-be2a-496d-9cac-32a861d20d5d}</UniqueIdentifier>
    </Filter>
    <Filter Include="External\crunch\console">
      <UniqueIdentifier>{69288208-d5b4-46f0-88df-c5dad0f8e31b}</UniqueIdentifier>
    </Filter>
    <Filter Include="External\crunch\containers">
      <UniqueIdentifier>{1df6a706-9791-48f8-a3e8-6f396d5d109b}</UniqueIdentifier>
    </Filter>
    <Filter Include="External\crunch\crn">
      <UniqueIdentifier>{5831fae0-0990-451f-8ed3-8307d6e86733}</UniqueIdentifier>
    </Filter>
    <Filter Include="External\crunch\file">
      <UniqueIdentifier>{617d0d9f-5d6c-45ee-8d27-3dff16161425}</UniqueIdentifier>
    </Filter>
    <Filter Include="External\crunch\image">
      <UniqueIdentifier>{91009f7d-560e-48df-92cf-0d418013fa4e}</UniqueIdentifier>
    </Filter>
    <Filter Include="External\crunch\inc">
      <UniqueIdentifier>{f3138e15-480e-4e27-a391-f69d0c6ae532}</UniqueIdentifier>
    </Filter>
    <Filter Include="External\crunch\lzmalib">
      <UniqueIdentifier>{f162a4b3-111c-4eb2-ac3c-a8011da4ce95}</UniqueIdentifier>
    </Filter>
    <Filter Include="External\crunch\math">
      <UniqueIdentifier>{0e4e5606-a7ab-443c-8680-d85297a30e1a}</UniqueIdentifier>
    </Filter>
    <Filter Include="External\crunch\stream">
      <UniqueIdentifier>{aaa36ab8-11a5-4693-9339-0e3c2c3e5186}</UniqueIdentifier>
    </Filter>
    <Filter Include="External\crunch\string">
      <UniqueIdentifier>{ac867478-3d7c-4b9c-bd60-447315222d2b}</UniqueIdentifier>
    </Filter>
    <Filter Include="External\crunch\texture">
      <UniqueIdentifier>{1523e8c8-20af-4ae0-b064-9c2623ca7cd6}</UniqueIdentifier>
    </Filter>
    <Filter Include="External\crunch\texture_conversion">
      <UniqueIdentifier>{e8ec925b-eb41-4b27-b2f1-966d42008cc4}</UniqueIdentifier>
    </Filter>
    <Filter Include="External\crunch\threading">
      <UniqueIdentifier>{1b1f2fa0-6b84-498f-b059-14de7da2d2f2}</UniqueIdentifier>
    </Filter>
    <Filter Include="External\crunch\utils">
      <UniqueIdentifier>{45f5fc8b-dde1-41f0-8aac-fe9ae8a0a3cc}</UniqueIdentifier>
    </Filter>
    <Filter Include="External\Assimp">
      <UniqueIdentifier>{05c86fda-d4c5-46d2-a8f0-1f8793b90b84}</UniqueIdentifier>
    </Filter>
    <Filter Include="External\Assimp\Common">
      <UniqueIdentifier>{ce554f17-c395-412c-9675-2a55a7e3f3d5}</UniqueIdentifier>
    </Filter>
    <Filter Include="External\Assimp\Public">
      <UniqueIdentifier>{dd7ac36e-b76c-4472-a21a-669761b79866}</UniqueIdentifier>
    </Filter>
    <Filter Include="External\Assimp\Public\Compiler">
      <UniqueIdentifier>{2d2a857e-5f12-4f65-be04-82e94edf63b3}</UniqueIdentifier>
    </Filter>
    <Filter Include="External\Assimp\contrib">
      <UniqueIdentifier>{b7cd3630-c7e3-48b8-aa92-bc80bed06b7a}</UniqueIdentifier>
    </Filter>
    <Filter Include="External\Assimp\PostProcessing">
      <UniqueIdentifier>{ba53ce81-a459-4184-bf7d-947b0fd17071}</UniqueIdentifier>
    </Filter>
    <Filter Include="External\Assimp\MaterialSystem">
      <UniqueIdentifier>{d5bb20b5-322b-47a2-b0bb-80e0df6f8e3f}</UniqueIdentifier>
    </Filter>
    <Filter Include="External\Assimp\Logging">
      <UniqueIdentifier>{d5548d73-d8bb-4fd2-bc7c-0735927885dc}</UniqueIdentifier>
    </Filter>
    <Filter Include="External\Assimp\OGRE">
      <UniqueIdentifier>{2066f867-4c18-42db-bd6f-392f5123f7ea}</UniqueIdentifier>
    </Filter>
    <Filter Include="External\Assimp\contrib\irrXML">
      <UniqueIdentifier>{0cb883d9-3ac5-4afe-9ab3-9cec8e097120}</UniqueIdentifier>
    </Filter>
    <Filter Include="External\Assimp\MD5">
      <UniqueIdentifier>{5497cdfe-c3f6-4155-9412-6b65067c361c}</UniqueIdentifier>
    </Filter>
    <Filter Include="External\Assimp\OBJ">
      <UniqueIdentifier>{e9df90db-e3af-4384-8fb7-31d3a1d1e8ec}</UniqueIdentifier>
    </Filter>
    <Filter Include="External\Assimp\GLTF">
      <UniqueIdentifier>{0c1c282b-ff70-41bd-be34-2d11dee2a688}</UniqueIdentifier>
    </Filter>
    <Filter Include="External\Assimp\FBX">
      <UniqueIdentifier>{11880915-d58e-4bc7-9fa5-8cae0c7ce1bc}</UniqueIdentifier>
    </Filter>
    <Filter Include="External\Assimp\contrib\zlib">
      <UniqueIdentifier>{d55a7465-9379-42c3-92d3-559902b1afd2}</UniqueIdentifier>
    </Filter>
    <Filter Include="External\Assimp\BLEND">
      <UniqueIdentifier>{9c601702-8f8a-4368-96a2-7f4bb47cc711}</UniqueIdentifier>
    </Filter>
    <Filter Include="External\Assimp\contrib\poly2tri">
      <UniqueIdentifier>{b74c6205-5172-4a4d-8e14-7863c5b773e2}</UniqueIdentifier>
    </Filter>
    <Filter Include="External\Assimp\COLLADA">
      <UniqueIdentifier>{72723479-278f-4ad3-a173-ae027216ed9e}</UniqueIdentifier>
    </Filter>
    <Filter Include="External\Assimp\contrib\utf8cpp">
      <UniqueIdentifier>{6227f39c-5d28-4b12-b5d6-86def2adae5c}</UniqueIdentifier>
    </Filter>
  </ItemGroup>
  <ItemGroup>
    <None Include="Readme.txt" />
    <None Include="CMakeLists.txt" />
    <None Include="include\RendererToolkit\IRendererToolkit.inl">
      <Filter>Source Files</Filter>
    </None>
    <None Include="include\RendererToolkit\Project\ProjectImpl.inl">
      <Filter>Source Files\Project</Filter>
    </None>
    <None Include="include\RendererToolkit\Project\IProject.inl">
      <Filter>Source Files\Project</Filter>
    </None>
    <None Include="include\RendererToolkit\Context.inl">
      <Filter>Source Files</Filter>
    </None>
    <None Include="include\RendererToolkit\Helper\AssimpLogStream.inl">
      <Filter>Source Files\Helper</Filter>
    </None>
    <None Include="..\..\External\Assimp\include\assimp\color4.inl">
      <Filter>External\Assimp\Public</Filter>
    </None>
    <None Include="..\..\External\Assimp\include\assimp\material.inl">
      <Filter>External\Assimp\Public</Filter>
    </None>
    <None Include="..\..\External\Assimp\include\assimp\matrix3x3.inl">
      <Filter>External\Assimp\Public</Filter>
    </None>
    <None Include="..\..\External\Assimp\include\assimp\matrix4x4.inl">
      <Filter>External\Assimp\Public</Filter>
    </None>
    <None Include="..\..\External\Assimp\include\assimp\quaternion.inl">
      <Filter>External\Assimp\Public</Filter>
    </None>
    <None Include="..\..\External\Assimp\include\assimp\vector2.inl">
      <Filter>External\Assimp\Public</Filter>
    </None>
    <None Include="..\..\External\Assimp\include\assimp\vector3.inl">
      <Filter>External\Assimp\Public</Filter>
    </None>
    <None Include="..\..\External\Assimp\code\BlenderDNA.inl">
      <Filter>External\Assimp\BLEND</Filter>
    </None>
    <None Include="..\..\External\Assimp\code\glTF2Asset.inl">
      <Filter>External\Assimp\GLTF</Filter>
    </None>
    <None Include="..\..\External\Assimp\code\glTF2AssetWriter.inl">
      <Filter>External\Assimp\GLTF</Filter>
    </None>
    <None Include="..\..\External\Assimp\code\glTFAsset.inl">
      <Filter>External\Assimp\GLTF</Filter>
    </None>
    <None Include="..\..\External\Assimp\code\glTFAssetWriter.inl">
      <Filter>External\Assimp\GLTF</Filter>
    </None>
  </ItemGroup>
  <ItemGroup>
    <ClInclude Include="include\RendererToolkit\RendererToolkitImpl.h">
      <Filter>Source Files</Filter>
    </ClInclude>
    <ClInclude Include="include\RendererToolkit\IRendererToolkit.h">
      <Filter>Source Files</Filter>
    </ClInclude>
    <ClInclude Include="include\RendererToolkit\Public\RendererToolkit.h">
      <Filter>Source Files\Public</Filter>
    </ClInclude>
    <ClInclude Include="include\RendererToolkit\WindowsHeader.h">
      <Filter>Source Files</Filter>
    </ClInclude>
    <ClInclude Include="include\RendererToolkit\AssetCompiler\TextureAssetCompiler.h">
      <Filter>Source Files\AssetCompiler</Filter>
    </ClInclude>
    <ClInclude Include="include\RendererToolkit\AssetCompiler\MeshAssetCompiler.h">
      <Filter>Source Files\AssetCompiler</Filter>
    </ClInclude>
    <ClInclude Include="include\RendererToolkit\AssetCompiler\MaterialAssetCompiler.h">
      <Filter>Source Files\AssetCompiler</Filter>
    </ClInclude>
    <ClInclude Include="include\RendererToolkit\AssetCompiler\IAssetCompiler.h">
      <Filter>Source Files\AssetCompiler</Filter>
    </ClInclude>
    <ClInclude Include="include\RendererToolkit\Public\RendererToolkitInstance.h">
      <Filter>Source Files\Public</Filter>
    </ClInclude>
    <ClInclude Include="include\RendererToolkit\Project\ProjectImpl.h">
      <Filter>Source Files\Project</Filter>
    </ClInclude>
    <ClInclude Include="include\RendererToolkit\Project\IProject.h">
      <Filter>Source Files\Project</Filter>
    </ClInclude>
    <ClInclude Include="include\RendererToolkit\Project\ProjectAssetMonitor.h">
      <Filter>Source Files\Project</Filter>
    </ClInclude>
    <ClInclude Include="..\..\External\SimpleFileWatcher\src\FileWatcher\FileWatcherLinux.h">
      <Filter>External\SimpleFileWatcher</Filter>
    </ClInclude>
    <ClInclude Include="..\..\External\SimpleFileWatcher\src\FileWatcher\FileWatcherOSX.h">
      <Filter>External\SimpleFileWatcher</Filter>
    </ClInclude>
    <ClInclude Include="..\..\External\SimpleFileWatcher\src\FileWatcher\FileWatcherWin32.h">
      <Filter>External\SimpleFileWatcher</Filter>
    </ClInclude>
    <ClInclude Include="..\..\External\SimpleFileWatcher\src\FileWatcher\FileWatcher.h">
      <Filter>External\SimpleFileWatcher</Filter>
    </ClInclude>
    <ClInclude Include="..\..\External\SimpleFileWatcher\src\FileWatcher\FileWatcherImpl.h">
      <Filter>External\SimpleFileWatcher</Filter>
    </ClInclude>
    <ClInclude Include="include\RendererToolkit\AssetCompiler\SceneAssetCompiler.h">
      <Filter>Source Files\AssetCompiler</Filter>
    </ClInclude>
    <ClInclude Include="include\RendererToolkit\AssetCompiler\SkeletonAssetCompiler.h">
      <Filter>Source Files\AssetCompiler</Filter>
    </ClInclude>
    <ClInclude Include="include\RendererToolkit\AssetCompiler\ShaderBlueprintAssetCompiler.h">
      <Filter>Source Files\AssetCompiler</Filter>
    </ClInclude>
    <ClInclude Include="include\RendererToolkit\AssetCompiler\MaterialBlueprintAssetCompiler.h">
      <Filter>Source Files\AssetCompiler</Filter>
    </ClInclude>
    <ClInclude Include="include\RendererToolkit\Helper\JsonHelper.h">
      <Filter>Source Files\Helper</Filter>
    </ClInclude>
    <ClInclude Include="include\RendererToolkit\Helper\JsonMaterialHelper.h">
      <Filter>Source Files\Helper</Filter>
    </ClInclude>
    <ClInclude Include="include\RendererToolkit\Helper\JsonMaterialBlueprintHelper.h">
      <Filter>Source Files\Helper</Filter>
    </ClInclude>
    <ClInclude Include="include\RendererToolkit\AssetCompiler\ShaderPieceAssetCompiler.h">
      <Filter>Source Files\AssetCompiler</Filter>
    </ClInclude>
    <ClInclude Include="include\RendererToolkit\Helper\StringHelper.h">
      <Filter>Source Files\Helper</Filter>
    </ClInclude>
    <ClInclude Include="include\RendererToolkit\AssetCompiler\CompositorWorkspaceAssetCompiler.h">
      <Filter>Source Files\AssetCompiler</Filter>
    </ClInclude>
    <ClInclude Include="include\RendererToolkit\AssetCompiler\CompositorNodeAssetCompiler.h">
      <Filter>Source Files\AssetCompiler</Filter>
    </ClInclude>
    <ClInclude Include="include\RendererToolkit\Helper\FileSystemHelper.h">
      <Filter>Source Files\Helper</Filter>
    </ClInclude>
    <ClInclude Include="include\RendererToolkit\AssetCompiler\SkeletonAnimationAssetCompiler.h">
      <Filter>Source Files\AssetCompiler</Filter>
    </ClInclude>
    <ClInclude Include="include\RendererToolkit\Helper\CacheManager.h">
      <Filter>Source Files\Helper</Filter>
    </ClInclude>
    <ClInclude Include="include\RendererToolkit\AssetCompiler\VertexAttributesAssetCompiler.h">
      <Filter>Source Files\AssetCompiler</Filter>
    </ClInclude>
    <ClInclude Include="..\..\External\mikktspace\include\mikktspace\mikktspace.h">
      <Filter>External\mikktspace</Filter>
    </ClInclude>
    <ClInclude Include="include\RendererToolkit\Context.h">
      <Filter>Source Files</Filter>
    </ClInclude>
    <ClInclude Include="include\RendererToolkit\AssetImporter\IAssetImporter.h">
      <Filter>Source Files\AssetImpoter</Filter>
    </ClInclude>
    <ClInclude Include="include\RendererToolkit\AssetImporter\SketchfabAssetImporter.h">
      <Filter>Source Files\AssetImpoter</Filter>
    </ClInclude>
    <ClInclude Include="include\RendererToolkit\AssetImporter\OgreAssetImporter.h">
      <Filter>Source Files\AssetImpoter</Filter>
    </ClInclude>
    <ClInclude Include="include\RendererToolkit\Helper\AssimpHelper.h">
      <Filter>Source Files\Helper</Filter>
    </ClInclude>
    <ClInclude Include="include\RendererToolkit\Helper\AssimpLogStream.h">
      <Filter>Source Files\Helper</Filter>
    </ClInclude>
    <ClInclude Include="..\..\External\crunch\src\crn_core.h">
      <Filter>External\crunch</Filter>
    </ClInclude>
    <ClInclude Include="..\..\External\crunch\src\crn_mem.h">
      <Filter>External\crunch</Filter>
    </ClInclude>
    <ClInclude Include="..\..\External\crunch\src\crn_platform.h">
      <Filter>External\crunch</Filter>
    </ClInclude>
    <ClInclude Include="..\..\External\crunch\src\crn_traits.h">
      <Filter>External\crunch</Filter>
    </ClInclude>
    <ClInclude Include="..\..\External\crunch\src\crn_winhdr.h">
      <Filter>External\crunch</Filter>
    </ClInclude>
    <ClInclude Include="..\..\External\crunch\src\crn_assert.h">
      <Filter>External\crunch</Filter>
    </ClInclude>
    <ClInclude Include="..\..\External\crunch\src\crn_atomics.h">
      <Filter>External\crunch</Filter>
    </ClInclude>
    <ClInclude Include="..\..\External\crunch\src\crn_clusterizer.h">
      <Filter>External\crunch\comp</Filter>
    </ClInclude>
    <ClInclude Include="..\..\External\crunch\src\crn_dxt.h">
      <Filter>External\crunch\comp</Filter>
    </ClInclude>
    <ClInclude Include="..\..\External\crunch\src\crn_dxt_endpoint_refiner.h">
      <Filter>External\crunch\comp</Filter>
    </ClInclude>
    <ClInclude Include="..\..\External\crunch\src\crn_dxt_fast.h">
      <Filter>External\crunch\comp</Filter>
    </ClInclude>
    <ClInclude Include="..\..\External\crunch\src\crn_dxt_hc_common.h">
      <Filter>External\crunch\comp</Filter>
    </ClInclude>
    <ClInclude Include="..\..\External\crunch\src\crn_dxt5a.h">
      <Filter>External\crunch\comp</Filter>
    </ClInclude>
    <ClInclude Include="..\..\External\crunch\src\crn_etc.h">
      <Filter>External\crunch\comp</Filter>
    </ClInclude>
    <ClInclude Include="..\..\External\crunch\src\crn_huffman_codes.h">
      <Filter>External\crunch\comp</Filter>
    </ClInclude>
    <ClInclude Include="..\..\External\crunch\src\crn_lzma_codec.h">
      <Filter>External\crunch\comp</Filter>
    </ClInclude>
    <ClInclude Include="..\..\External\crunch\src\crn_miniz.h">
      <Filter>External\crunch\comp</Filter>
    </ClInclude>
    <ClInclude Include="..\..\External\crunch\src\crn_prefix_coding.h">
      <Filter>External\crunch\comp</Filter>
    </ClInclude>
    <ClInclude Include="..\..\External\crunch\src\crn_qdxt5.h">
      <Filter>External\crunch\comp</Filter>
    </ClInclude>
    <ClInclude Include="..\..\External\crunch\src\crn_qdxt1.h">
      <Filter>External\crunch\comp</Filter>
    </ClInclude>
    <ClInclude Include="..\..\External\crunch\src\crn_rg_etc1.h">
      <Filter>External\crunch\comp</Filter>
    </ClInclude>
    <ClInclude Include="..\..\External\crunch\src\crn_ryg_dxt.hpp">
      <Filter>External\crunch\comp</Filter>
    </ClInclude>
    <ClInclude Include="..\..\External\crunch\src\crn_ryg_types.hpp">
      <Filter>External\crunch\comp</Filter>
    </ClInclude>
    <ClInclude Include="..\..\External\crunch\src\crn_symbol_codec.h">
      <Filter>External\crunch\comp</Filter>
    </ClInclude>
    <ClInclude Include="..\..\External\crunch\src\crn_threaded_clusterizer.h">
      <Filter>External\crunch\comp</Filter>
    </ClInclude>
    <ClInclude Include="..\..\External\crunch\src\crn_tree_clusterizer.h">
      <Filter>External\crunch\comp</Filter>
    </ClInclude>
    <ClInclude Include="..\..\External\crunch\src\crn_zeng.h">
      <Filter>External\crunch\comp</Filter>
    </ClInclude>
    <ClInclude Include="..\..\External\crunch\src\crn_colorized_console.h">
      <Filter>External\crunch\console</Filter>
    </ClInclude>
    <ClInclude Include="..\..\External\crunch\src\crn_console.h">
      <Filter>External\crunch\console</Filter>
    </ClInclude>
    <ClInclude Include="..\..\External\crunch\src\crn_hash_map.h">
      <Filter>External\crunch\containers</Filter>
    </ClInclude>
    <ClInclude Include="..\..\External\crunch\src\crn_sparse_array.h">
      <Filter>External\crunch\containers</Filter>
    </ClInclude>
    <ClInclude Include="..\..\External\crunch\src\crn_sparse_bit_array.h">
      <Filter>External\crunch\containers</Filter>
    </ClInclude>
    <ClInclude Include="..\..\External\crunch\src\crn_value.h">
      <Filter>External\crunch\containers</Filter>
    </ClInclude>
    <ClInclude Include="..\..\External\crunch\src\crn_vector.h">
      <Filter>External\crunch\containers</Filter>
    </ClInclude>
    <ClInclude Include="..\..\External\crunch\src\crn_vector2d.h">
      <Filter>External\crunch\containers</Filter>
    </ClInclude>
    <ClInclude Include="..\..\External\crunch\src\crn_comp.h">
      <Filter>External\crunch\crn</Filter>
    </ClInclude>
    <ClInclude Include="..\..\External\crunch\src\crn_dds_comp.h">
      <Filter>External\crunch\crn</Filter>
    </ClInclude>
    <ClInclude Include="..\..\External\crunch\src\crn_dxt_hc.h">
      <Filter>External\crunch\crn</Filter>
    </ClInclude>
    <ClInclude Include="..\..\External\crunch\src\crn_texture_comp.h">
      <Filter>External\crunch\crn</Filter>
    </ClInclude>
    <ClInclude Include="..\..\External\crunch\src\crn_file_utils.h">
      <Filter>External\crunch\file</Filter>
    </ClInclude>
    <ClInclude Include="..\..\External\crunch\src\crn_find_files.h">
      <Filter>External\crunch\file</Filter>
    </ClInclude>
    <ClInclude Include="..\..\External\crunch\src\crn_color.h">
      <Filter>External\crunch\image</Filter>
    </ClInclude>
    <ClInclude Include="..\..\External\crunch\src\crn_image.h">
      <Filter>External\crunch\image</Filter>
    </ClInclude>
    <ClInclude Include="..\..\External\crunch\src\crn_image_utils.h">
      <Filter>External\crunch\image</Filter>
    </ClInclude>
    <ClInclude Include="..\..\External\crunch\src\crn_jpgd.h">
      <Filter>External\crunch\image</Filter>
    </ClInclude>
    <ClInclude Include="..\..\External\crunch\src\crn_jpge.h">
      <Filter>External\crunch\image</Filter>
    </ClInclude>
    <ClInclude Include="..\..\External\crunch\src\crn_pixel_format.h">
      <Filter>External\crunch\image</Filter>
    </ClInclude>
    <ClInclude Include="..\..\External\crunch\src\crn_resample_filters.h">
      <Filter>External\crunch\image</Filter>
    </ClInclude>
    <ClInclude Include="..\..\External\crunch\src\crn_resampler.h">
      <Filter>External\crunch\image</Filter>
    </ClInclude>
    <ClInclude Include="..\..\External\crunch\src\crn_threaded_resampler.h">
      <Filter>External\crunch\image</Filter>
    </ClInclude>
    <ClInclude Include="..\..\External\crunch\src\lzma_7zBuf.h">
      <Filter>External\crunch\lzmalib</Filter>
    </ClInclude>
    <ClInclude Include="..\..\External\crunch\src\lzma_7zCrc.h">
      <Filter>External\crunch\lzmalib</Filter>
    </ClInclude>
    <ClInclude Include="..\..\External\crunch\src\lzma_7zFile.h">
      <Filter>External\crunch\lzmalib</Filter>
    </ClInclude>
    <ClInclude Include="..\..\External\crunch\src\lzma_7zVersion.h">
      <Filter>External\crunch\lzmalib</Filter>
    </ClInclude>
    <ClInclude Include="..\..\External\crunch\src\lzma_Alloc.h">
      <Filter>External\crunch\lzmalib</Filter>
    </ClInclude>
    <ClInclude Include="..\..\External\crunch\src\lzma_Bcj2.h">
      <Filter>External\crunch\lzmalib</Filter>
    </ClInclude>
    <ClInclude Include="..\..\External\crunch\src\lzma_Bra.h">
      <Filter>External\crunch\lzmalib</Filter>
    </ClInclude>
    <ClInclude Include="..\..\External\crunch\src\lzma_CpuArch.h">
      <Filter>External\crunch\lzmalib</Filter>
    </ClInclude>
    <ClInclude Include="..\..\External\crunch\src\lzma_LzFind.h">
      <Filter>External\crunch\lzmalib</Filter>
    </ClInclude>
    <ClInclude Include="..\..\External\crunch\src\lzma_LzFindMt.h">
      <Filter>External\crunch\lzmalib</Filter>
    </ClInclude>
    <ClInclude Include="..\..\External\crunch\src\lzma_LzHash.h">
      <Filter>External\crunch\lzmalib</Filter>
    </ClInclude>
    <ClInclude Include="..\..\External\crunch\src\lzma_LzmaDec.h">
      <Filter>External\crunch\lzmalib</Filter>
    </ClInclude>
    <ClInclude Include="..\..\External\crunch\src\lzma_LzmaEnc.h">
      <Filter>External\crunch\lzmalib</Filter>
    </ClInclude>
    <ClInclude Include="..\..\External\crunch\src\lzma_LzmaLib.h">
      <Filter>External\crunch\lzmalib</Filter>
    </ClInclude>
    <ClInclude Include="..\..\External\crunch\src\lzma_MyVersion.h">
      <Filter>External\crunch\lzmalib</Filter>
    </ClInclude>
    <ClInclude Include="..\..\External\crunch\src\lzma_Threads.h">
      <Filter>External\crunch\lzmalib</Filter>
    </ClInclude>
    <ClInclude Include="..\..\External\crunch\src\lzma_Types.h">
      <Filter>External\crunch\lzmalib</Filter>
    </ClInclude>
    <ClInclude Include="..\..\External\crunch\src\crn_intersect.h">
      <Filter>External\crunch\math</Filter>
    </ClInclude>
    <ClInclude Include="..\..\External\crunch\src\crn_math.h">
      <Filter>External\crunch\math</Filter>
    </ClInclude>
    <ClInclude Include="..\..\External\crunch\src\crn_matrix.h">
      <Filter>External\crunch\math</Filter>
    </ClInclude>
    <ClInclude Include="..\..\External\crunch\src\crn_rand.h">
      <Filter>External\crunch\math</Filter>
    </ClInclude>
    <ClInclude Include="..\..\External\crunch\src\crn_ray.h">
      <Filter>External\crunch\math</Filter>
    </ClInclude>
    <ClInclude Include="..\..\External\crunch\src\crn_rect.h">
      <Filter>External\crunch\math</Filter>
    </ClInclude>
    <ClInclude Include="..\..\External\crunch\src\crn_vec.h">
      <Filter>External\crunch\math</Filter>
    </ClInclude>
    <ClInclude Include="..\..\External\crunch\src\crn_vec_interval.h">
      <Filter>External\crunch\math</Filter>
    </ClInclude>
    <ClInclude Include="..\..\External\crunch\src\crn_buffer_stream.h">
      <Filter>External\crunch\stream</Filter>
    </ClInclude>
    <ClInclude Include="..\..\External\crunch\src\crn_cfile_stream.h">
      <Filter>External\crunch\stream</Filter>
    </ClInclude>
    <ClInclude Include="..\..\External\crunch\src\crn_data_stream.h">
      <Filter>External\crunch\stream</Filter>
    </ClInclude>
    <ClInclude Include="..\..\External\crunch\src\crn_data_stream_serializer.h">
      <Filter>External\crunch\stream</Filter>
    </ClInclude>
    <ClInclude Include="..\..\External\crunch\src\crn_dynamic_stream.h">
      <Filter>External\crunch\stream</Filter>
    </ClInclude>
    <ClInclude Include="..\..\External\crunch\src\crn_dynamic_string.h">
      <Filter>External\crunch\string</Filter>
    </ClInclude>
    <ClInclude Include="..\..\External\crunch\src\crn_strutils.h">
      <Filter>External\crunch\string</Filter>
    </ClInclude>
    <ClInclude Include="..\..\External\crunch\src\crn_dxt_image.h">
      <Filter>External\crunch\texture</Filter>
    </ClInclude>
    <ClInclude Include="..\..\External\crunch\src\crn_ktx_texture.h">
      <Filter>External\crunch\texture</Filter>
    </ClInclude>
    <ClInclude Include="..\..\External\crunch\src\crn_mipmapped_texture.h">
      <Filter>External\crunch\texture</Filter>
    </ClInclude>
    <ClInclude Include="..\..\External\crunch\src\crn_texture_conversion.h">
      <Filter>External\crunch\texture_conversion</Filter>
    </ClInclude>
    <ClInclude Include="..\..\External\crunch\src\crn_texture_file_types.h">
      <Filter>External\crunch\texture_conversion</Filter>
    </ClInclude>
    <ClInclude Include="..\..\External\crunch\src\crn_threading.h">
      <Filter>External\crunch\threading</Filter>
    </ClInclude>
    <ClInclude Include="..\..\External\crunch\src\crn_threading_null.h">
      <Filter>External\crunch\threading</Filter>
    </ClInclude>
    <ClInclude Include="..\..\External\crunch\src\crn_threading_pthreads.h">
      <Filter>External\crunch\threading</Filter>
    </ClInclude>
    <ClInclude Include="..\..\External\crunch\src\crn_threading_win32.h">
      <Filter>External\crunch\threading</Filter>
    </ClInclude>
    <ClInclude Include="..\..\External\crunch\src\crn_arealist.h">
      <Filter>External\crunch\utils</Filter>
    </ClInclude>
    <ClInclude Include="..\..\External\crunch\src\crn_checksum.h">
      <Filter>External\crunch\utils</Filter>
    </ClInclude>
    <ClInclude Include="..\..\External\crunch\src\crn_command_line_params.h">
      <Filter>External\crunch\utils</Filter>
    </ClInclude>
    <ClInclude Include="..\..\External\crunch\src\crn_hash.h">
      <Filter>External\crunch\utils</Filter>
    </ClInclude>
    <ClInclude Include="..\..\External\crunch\src\crn_helpers.h">
      <Filter>External\crunch\utils</Filter>
    </ClInclude>
    <ClInclude Include="..\..\External\crunch\src\crn_packed_uint.h">
      <Filter>External\crunch\utils</Filter>
    </ClInclude>
    <ClInclude Include="..\..\External\crunch\src\crn_radix_sort.h">
      <Filter>External\crunch\utils</Filter>
    </ClInclude>
    <ClInclude Include="..\..\External\crunch\src\crn_timer.h">
      <Filter>External\crunch\utils</Filter>
    </ClInclude>
    <ClInclude Include="..\..\External\crunch\src\crn_types.h">
      <Filter>External\crunch\utils</Filter>
    </ClInclude>
    <ClInclude Include="..\..\External\crunch\src\crn_utils.h">
      <Filter>External\crunch\utils</Filter>
    </ClInclude>
    <ClInclude Include="..\..\External\crunch\src\crn_dxt1.h">
      <Filter>External\crunch\comp</Filter>
    </ClInclude>
    <ClInclude Include="..\..\External\crunch\inc\crnlib.h">
      <Filter>External\crunch\inc</Filter>
    </ClInclude>
    <ClInclude Include="..\..\External\crunch\inc\dds_defs.h">
      <Filter>External\crunch\inc</Filter>
    </ClInclude>
    <ClInclude Include="..\..\External\crunch\inc\stb_image.h">
      <Filter>External\crunch\inc</Filter>
    </ClInclude>
    <ClInclude Include="..\..\External\crunch\inc\crn_decomp.h">
      <Filter>External\crunch\inc</Filter>
    </ClInclude>
    <ClInclude Include="..\..\External\Assimp\code\BaseProcess.h">
      <Filter>External\Assimp\Common</Filter>
    </ClInclude>
    <ClInclude Include="..\..\External\Assimp\code\Bitmap.h">
      <Filter>External\Assimp\Common</Filter>
    </ClInclude>
    <ClInclude Include="..\..\External\Assimp\code\ByteSwapper.h">
      <Filter>External\Assimp\Common</Filter>
    </ClInclude>
    <ClInclude Include="..\..\External\Assimp\code\BaseImporter.h">
      <Filter>External\Assimp\Common</Filter>
    </ClInclude>
    <ClInclude Include="..\..\External\Assimp\code\CreateAnimMesh.h">
      <Filter>External\Assimp\Common</Filter>
    </ClInclude>
    <ClInclude Include="..\..\External\Assimp\code\DefaultProgressHandler.h">
      <Filter>External\Assimp\Common</Filter>
    </ClInclude>
    <ClInclude Include="..\..\External\Assimp\code\CInterfaceIOWrapper.h">
      <Filter>External\Assimp\Common</Filter>
    </ClInclude>
    <ClInclude Include="..\..\External\Assimp\code\fast_atof.h">
      <Filter>External\Assimp\Common</Filter>
    </ClInclude>
    <ClInclude Include="..\..\External\Assimp\code\RemoveComments.h">
      <Filter>External\Assimp\Common</Filter>
    </ClInclude>
    <ClInclude Include="..\..\External\Assimp\code\SceneCombiner.h">
      <Filter>External\Assimp\Common</Filter>
    </ClInclude>
    <ClInclude Include="..\..\External\Assimp\code\ScenePreprocessor.h">
      <Filter>External\Assimp\Common</Filter>
    </ClInclude>
    <ClInclude Include="..\..\External\Assimp\code\ScenePrivate.h">
      <Filter>External\Assimp\Common</Filter>
    </ClInclude>
    <ClInclude Include="..\..\External\Assimp\code\SGSpatialSort.h">
      <Filter>External\Assimp\Common</Filter>
    </ClInclude>
    <ClInclude Include="..\..\External\Assimp\code\SkeletonMeshBuilder.h">
      <Filter>External\Assimp\Common</Filter>
    </ClInclude>
    <ClInclude Include="..\..\External\Assimp\code\SmoothingGroups.h">
      <Filter>External\Assimp\Common</Filter>
    </ClInclude>
    <ClInclude Include="..\..\External\Assimp\code\SpatialSort.h">
      <Filter>External\Assimp\Common</Filter>
    </ClInclude>
    <ClInclude Include="..\..\External\Assimp\code\GenericProperty.h">
      <Filter>External\Assimp\Common</Filter>
    </ClInclude>
    <ClInclude Include="..\..\External\Assimp\code\Hash.h">
      <Filter>External\Assimp\Common</Filter>
    </ClInclude>
    <ClInclude Include="..\..\External\Assimp\code\IFF.h">
      <Filter>External\Assimp\Common</Filter>
    </ClInclude>
    <ClInclude Include="..\..\External\Assimp\code\Importer.h">
      <Filter>External\Assimp\Common</Filter>
    </ClInclude>
    <ClInclude Include="..\..\External\Assimp\code\IOStreamBuffer.h">
      <Filter>External\Assimp\Common</Filter>
    </ClInclude>
    <ClInclude Include="..\..\External\Assimp\code\LineSplitter.h">
      <Filter>External\Assimp\Common</Filter>
    </ClInclude>
    <ClInclude Include="..\..\External\Assimp\code\LogAux.h">
      <Filter>External\Assimp\Common</Filter>
    </ClInclude>
    <ClInclude Include="..\..\External\Assimp\code\MemoryIOWrapper.h">
      <Filter>External\Assimp\Common</Filter>
    </ClInclude>
    <ClInclude Include="..\..\External\Assimp\code\ParsingUtils.h">
      <Filter>External\Assimp\Common</Filter>
    </ClInclude>
    <ClInclude Include="..\..\External\Assimp\code\Profiler.h">
      <Filter>External\Assimp\Common</Filter>
    </ClInclude>
    <ClInclude Include="..\..\External\Assimp\code\qnan.h">
      <Filter>External\Assimp\Common</Filter>
    </ClInclude>
    <ClInclude Include="..\..\External\Assimp\code\Subdivision.h">
      <Filter>External\Assimp\Common</Filter>
    </ClInclude>
    <ClInclude Include="..\..\External\Assimp\code\TargetAnimation.h">
      <Filter>External\Assimp\Common</Filter>
    </ClInclude>
    <ClInclude Include="..\..\External\Assimp\code\TinyFormatter.h">
      <Filter>External\Assimp\Common</Filter>
    </ClInclude>
    <ClInclude Include="..\..\External\Assimp\code\Vertex.h">
      <Filter>External\Assimp\Common</Filter>
    </ClInclude>
    <ClInclude Include="..\..\External\Assimp\code\VertexTriangleAdjacency.h">
      <Filter>External\Assimp\Common</Filter>
    </ClInclude>
    <ClInclude Include="..\..\External\Assimp\code\XMLTools.h">
      <Filter>External\Assimp\Common</Filter>
    </ClInclude>
    <ClInclude Include="..\..\External\Assimp\code\SplitByBoneCountProcess.h">
      <Filter>External\Assimp\Common</Filter>
    </ClInclude>
    <ClInclude Include="..\..\External\Assimp\code\StandardShapes.h">
      <Filter>External\Assimp\Common</Filter>
    </ClInclude>
    <ClInclude Include="..\..\External\Assimp\code\StreamReader.h">
      <Filter>External\Assimp\Common</Filter>
    </ClInclude>
    <ClInclude Include="..\..\External\Assimp\code\StreamWriter.h">
      <Filter>External\Assimp\Common</Filter>
    </ClInclude>
    <ClInclude Include="..\..\External\Assimp\code\StringComparison.h">
      <Filter>External\Assimp\Common</Filter>
    </ClInclude>
    <ClInclude Include="..\..\External\Assimp\code\StringUtils.h">
      <Filter>External\Assimp\Common</Filter>
    </ClInclude>
    <ClInclude Include="..\..\External\Assimp\code\FileSystemFilter.h">
      <Filter>External\Assimp\Common</Filter>
    </ClInclude>
    <ClInclude Include="..\..\External\Assimp\code\Exceptional.h">
      <Filter>External\Assimp\Common</Filter>
    </ClInclude>
    <ClInclude Include="..\..\External\Assimp\include\assimp\config.h">
      <Filter>External\Assimp\Public</Filter>
    </ClInclude>
    <ClInclude Include="..\..\External\Assimp\include\assimp\DefaultIOStream.h">
      <Filter>External\Assimp\Public</Filter>
    </ClInclude>
    <ClInclude Include="..\..\External\Assimp\include\assimp\DefaultIOSystem.h">
      <Filter>External\Assimp\Public</Filter>
    </ClInclude>
    <ClInclude Include="..\..\External\Assimp\include\assimp\DefaultLogger.hpp">
      <Filter>External\Assimp\Public</Filter>
    </ClInclude>
    <ClInclude Include="..\..\External\Assimp\include\assimp\Defines.h">
      <Filter>External\Assimp\Public</Filter>
    </ClInclude>
    <ClInclude Include="..\..\External\Assimp\include\assimp\defs.h">
      <Filter>External\Assimp\Public</Filter>
    </ClInclude>
    <ClInclude Include="..\..\External\Assimp\include\assimp\Exporter.hpp">
      <Filter>External\Assimp\Public</Filter>
    </ClInclude>
    <ClInclude Include="..\..\External\Assimp\include\assimp\Importer.hpp">
      <Filter>External\Assimp\Public</Filter>
    </ClInclude>
    <ClInclude Include="..\..\External\Assimp\include\assimp\importerdesc.h">
      <Filter>External\Assimp\Public</Filter>
    </ClInclude>
    <ClInclude Include="..\..\External\Assimp\include\assimp\IOStream.hpp">
      <Filter>External\Assimp\Public</Filter>
    </ClInclude>
    <ClInclude Include="..\..\External\Assimp\include\assimp\IOSystem.hpp">
      <Filter>External\Assimp\Public</Filter>
    </ClInclude>
    <ClInclude Include="..\..\External\Assimp\include\assimp\light.h">
      <Filter>External\Assimp\Public</Filter>
    </ClInclude>
    <ClInclude Include="..\..\External\Assimp\include\assimp\Logger.hpp">
      <Filter>External\Assimp\Public</Filter>
    </ClInclude>
    <ClInclude Include="..\..\External\Assimp\include\assimp\LogStream.hpp">
      <Filter>External\Assimp\Public</Filter>
    </ClInclude>
    <ClInclude Include="..\..\External\Assimp\include\assimp\material.h">
      <Filter>External\Assimp\Public</Filter>
    </ClInclude>
    <ClInclude Include="..\..\External\Assimp\include\assimp\matrix3x3.h">
      <Filter>External\Assimp\Public</Filter>
    </ClInclude>
    <ClInclude Include="..\..\External\Assimp\include\assimp\matrix4x4.h">
      <Filter>External\Assimp\Public</Filter>
    </ClInclude>
    <ClInclude Include="..\..\External\Assimp\include\assimp\mesh.h">
      <Filter>External\Assimp\Public</Filter>
    </ClInclude>
    <ClInclude Include="..\..\External\Assimp\include\assimp\metadata.h">
      <Filter>External\Assimp\Public</Filter>
    </ClInclude>
    <ClInclude Include="..\..\External\Assimp\include\assimp\NullLogger.hpp">
      <Filter>External\Assimp\Public</Filter>
    </ClInclude>
    <ClInclude Include="..\..\External\Assimp\include\assimp\postprocess.h">
      <Filter>External\Assimp\Public</Filter>
    </ClInclude>
    <ClInclude Include="..\..\External\Assimp\include\assimp\ProgressHandler.hpp">
      <Filter>External\Assimp\Public</Filter>
    </ClInclude>
    <ClInclude Include="..\..\External\Assimp\include\assimp\quaternion.h">
      <Filter>External\Assimp\Public</Filter>
    </ClInclude>
    <ClInclude Include="..\..\External\Assimp\include\assimp\scene.h">
      <Filter>External\Assimp\Public</Filter>
    </ClInclude>
    <ClInclude Include="..\..\External\Assimp\include\assimp\texture.h">
      <Filter>External\Assimp\Public</Filter>
    </ClInclude>
    <ClInclude Include="..\..\External\Assimp\include\assimp\types.h">
      <Filter>External\Assimp\Public</Filter>
    </ClInclude>
    <ClInclude Include="..\..\External\Assimp\include\assimp\vector2.h">
      <Filter>External\Assimp\Public</Filter>
    </ClInclude>
    <ClInclude Include="..\..\External\Assimp\include\assimp\vector3.h">
      <Filter>External\Assimp\Public</Filter>
    </ClInclude>
    <ClInclude Include="..\..\External\Assimp\include\assimp\version.h">
      <Filter>External\Assimp\Public</Filter>
    </ClInclude>
    <ClInclude Include="..\..\External\Assimp\include\assimp\ai_assert.h">
      <Filter>External\Assimp\Public</Filter>
    </ClInclude>
    <ClInclude Include="..\..\External\Assimp\include\assimp\anim.h">
      <Filter>External\Assimp\Public</Filter>
    </ClInclude>
    <ClInclude Include="..\..\External\Assimp\include\assimp\camera.h">
      <Filter>External\Assimp\Public</Filter>
    </ClInclude>
    <ClInclude Include="..\..\External\Assimp\include\assimp\cexport.h">
      <Filter>External\Assimp\Public</Filter>
    </ClInclude>
    <ClInclude Include="..\..\External\Assimp\include\assimp\cfileio.h">
      <Filter>External\Assimp\Public</Filter>
    </ClInclude>
    <ClInclude Include="..\..\External\Assimp\include\assimp\cimport.h">
      <Filter>External\Assimp\Public</Filter>
    </ClInclude>
    <ClInclude Include="..\..\External\Assimp\include\assimp\color4.h">
      <Filter>External\Assimp\Public</Filter>
    </ClInclude>
    <ClInclude Include="..\..\External\Assimp\include\assimp\Compiler\poppack1.h">
      <Filter>External\Assimp\Public\Compiler</Filter>
    </ClInclude>
    <ClInclude Include="..\..\External\Assimp\include\assimp\Compiler\pstdint.h">
      <Filter>External\Assimp\Public\Compiler</Filter>
    </ClInclude>
    <ClInclude Include="..\..\External\Assimp\include\assimp\Compiler\pushpack1.h">
      <Filter>External\Assimp\Public\Compiler</Filter>
    </ClInclude>
    <ClInclude Include="..\..\External\Assimp\code\FindInstancesProcess.h">
      <Filter>External\Assimp\PostProcessing</Filter>
    </ClInclude>
    <ClInclude Include="..\..\External\Assimp\code\FindInvalidDataProcess.h">
      <Filter>External\Assimp\PostProcessing</Filter>
    </ClInclude>
    <ClInclude Include="..\..\External\Assimp\code\FixNormalsStep.h">
      <Filter>External\Assimp\PostProcessing</Filter>
    </ClInclude>
    <ClInclude Include="..\..\External\Assimp\code\GenFaceNormalsProcess.h">
      <Filter>External\Assimp\PostProcessing</Filter>
    </ClInclude>
    <ClInclude Include="..\..\External\Assimp\code\GenVertexNormalsProcess.h">
      <Filter>External\Assimp\PostProcessing</Filter>
    </ClInclude>
    <ClInclude Include="..\..\External\Assimp\code\CalcTangentsProcess.h">
      <Filter>External\Assimp\PostProcessing</Filter>
    </ClInclude>
    <ClInclude Include="..\..\External\Assimp\code\ComputeUVMappingProcess.h">
      <Filter>External\Assimp\PostProcessing</Filter>
    </ClInclude>
    <ClInclude Include="..\..\External\Assimp\code\ConvertToLHProcess.h">
      <Filter>External\Assimp\PostProcessing</Filter>
    </ClInclude>
    <ClInclude Include="..\..\External\Assimp\code\DeboneProcess.h">
      <Filter>External\Assimp\PostProcessing</Filter>
    </ClInclude>
    <ClInclude Include="..\..\External\Assimp\code\FindDegenerates.h">
      <Filter>External\Assimp\PostProcessing</Filter>
    </ClInclude>
    <ClInclude Include="..\..\External\Assimp\code\RemoveRedundantMaterials.h">
      <Filter>External\Assimp\PostProcessing</Filter>
    </ClInclude>
    <ClInclude Include="..\..\External\Assimp\code\RemoveVCProcess.h">
      <Filter>External\Assimp\PostProcessing</Filter>
    </ClInclude>
    <ClInclude Include="..\..\External\Assimp\code\SortByPTypeProcess.h">
      <Filter>External\Assimp\PostProcessing</Filter>
    </ClInclude>
    <ClInclude Include="..\..\External\Assimp\code\SplitLargeMeshes.h">
      <Filter>External\Assimp\PostProcessing</Filter>
    </ClInclude>
    <ClInclude Include="..\..\External\Assimp\code\TextureTransform.h">
      <Filter>External\Assimp\PostProcessing</Filter>
    </ClInclude>
    <ClInclude Include="..\..\External\Assimp\code\TriangulateProcess.h">
      <Filter>External\Assimp\PostProcessing</Filter>
    </ClInclude>
    <ClInclude Include="..\..\External\Assimp\code\ValidateDataStructure.h">
      <Filter>External\Assimp\PostProcessing</Filter>
    </ClInclude>
    <ClInclude Include="..\..\External\Assimp\code\ImproveCacheLocality.h">
      <Filter>External\Assimp\PostProcessing</Filter>
    </ClInclude>
    <ClInclude Include="..\..\External\Assimp\code\JoinVerticesProcess.h">
      <Filter>External\Assimp\PostProcessing</Filter>
    </ClInclude>
    <ClInclude Include="..\..\External\Assimp\code\LimitBoneWeightsProcess.h">
      <Filter>External\Assimp\PostProcessing</Filter>
    </ClInclude>
    <ClInclude Include="..\..\External\Assimp\code\MakeVerboseFormat.h">
      <Filter>External\Assimp\PostProcessing</Filter>
    </ClInclude>
    <ClInclude Include="..\..\External\Assimp\code\OptimizeGraph.h">
      <Filter>External\Assimp\PostProcessing</Filter>
    </ClInclude>
    <ClInclude Include="..\..\External\Assimp\code\OptimizeMeshes.h">
      <Filter>External\Assimp\PostProcessing</Filter>
    </ClInclude>
    <ClInclude Include="..\..\External\Assimp\code\PolyTools.h">
      <Filter>External\Assimp\PostProcessing</Filter>
    </ClInclude>
    <ClInclude Include="..\..\External\Assimp\code\PretransformVertices.h">
      <Filter>External\Assimp\PostProcessing</Filter>
    </ClInclude>
    <ClInclude Include="..\..\External\Assimp\code\ProcessHelper.h">
      <Filter>External\Assimp\PostProcessing</Filter>
    </ClInclude>
    <ClInclude Include="..\..\External\Assimp\code\Macros.h">
      <Filter>External\Assimp\Common</Filter>
    </ClInclude>
    <ClInclude Include="..\..\External\Assimp\code\MaterialSystem.h">
      <Filter>External\Assimp\MaterialSystem</Filter>
    </ClInclude>
    <ClInclude Include="..\..\External\Assimp\code\revision.h">
      <Filter>External\Assimp\Common</Filter>
    </ClInclude>
    <ClInclude Include="..\..\External\Assimp\code\configuration.h">
      <Filter>External\Assimp\Common</Filter>
    </ClInclude>
    <ClInclude Include="..\..\External\Assimp\code\FileLogStream.h">
      <Filter>External\Assimp\Logging</Filter>
    </ClInclude>
    <ClInclude Include="..\..\External\Assimp\code\StdOStreamLogStream.h">
      <Filter>External\Assimp\Logging</Filter>
    </ClInclude>
    <ClInclude Include="..\..\External\Assimp\code\Win32DebugLogStream.h">
      <Filter>External\Assimp\Logging</Filter>
    </ClInclude>
    <ClInclude Include="..\..\External\Assimp\code\OgreImporter.h">
      <Filter>External\Assimp\OGRE</Filter>
    </ClInclude>
    <ClInclude Include="..\..\External\Assimp\code\OgreParsingUtils.h">
      <Filter>External\Assimp\OGRE</Filter>
    </ClInclude>
    <ClInclude Include="..\..\External\Assimp\code\OgreStructs.h">
      <Filter>External\Assimp\OGRE</Filter>
    </ClInclude>
    <ClInclude Include="..\..\External\Assimp\code\OgreXmlSerializer.h">
      <Filter>External\Assimp\OGRE</Filter>
    </ClInclude>
    <ClInclude Include="..\..\External\Assimp\code\OgreBinarySerializer.h">
      <Filter>External\Assimp\OGRE</Filter>
    </ClInclude>
    <ClInclude Include="..\..\External\Assimp\code\irrXMLWrapper.h">
      <Filter>External\Assimp\OGRE</Filter>
    </ClInclude>
    <ClInclude Include="..\..\External\Assimp\contrib\irrXML\heapsort.h">
      <Filter>External\Assimp\contrib\irrXML</Filter>
    </ClInclude>
    <ClInclude Include="..\..\External\Assimp\contrib\irrXML\irrArray.h">
      <Filter>External\Assimp\contrib\irrXML</Filter>
    </ClInclude>
    <ClInclude Include="..\..\External\Assimp\contrib\irrXML\irrString.h">
      <Filter>External\Assimp\contrib\irrXML</Filter>
    </ClInclude>
    <ClInclude Include="..\..\External\Assimp\contrib\irrXML\irrTypes.h">
      <Filter>External\Assimp\contrib\irrXML</Filter>
    </ClInclude>
    <ClInclude Include="..\..\External\Assimp\contrib\irrXML\irrXML.h">
      <Filter>External\Assimp\contrib\irrXML</Filter>
    </ClInclude>
    <ClInclude Include="..\..\External\Assimp\contrib\irrXML\CXMLReaderImpl.h">
      <Filter>External\Assimp\contrib\irrXML</Filter>
    </ClInclude>
    <ClInclude Include="..\..\External\Assimp\code\MD5Parser.h">
      <Filter>External\Assimp\MD5</Filter>
    </ClInclude>
    <ClInclude Include="..\..\External\Assimp\code\MD5Loader.h">
      <Filter>External\Assimp\MD5</Filter>
    </ClInclude>
    <ClInclude Include="..\..\External\Assimp\code\ObjFileMtlImporter.h">
      <Filter>External\Assimp\OBJ</Filter>
    </ClInclude>
    <ClInclude Include="..\..\External\Assimp\code\ObjFileParser.h">
      <Filter>External\Assimp\OBJ</Filter>
    </ClInclude>
    <ClInclude Include="..\..\External\Assimp\code\ObjTools.h">
      <Filter>External\Assimp\OBJ</Filter>
    </ClInclude>
    <ClInclude Include="..\..\External\Assimp\code\ObjExporter.h">
      <Filter>External\Assimp\OBJ</Filter>
    </ClInclude>
    <ClInclude Include="..\..\External\Assimp\code\ObjFileData.h">
      <Filter>External\Assimp\OBJ</Filter>
    </ClInclude>
    <ClInclude Include="..\..\External\Assimp\code\ObjFileImporter.h">
      <Filter>External\Assimp\OBJ</Filter>
    </ClInclude>
    <ClInclude Include="..\..\External\Assimp\code\FBXDocumentUtil.h">
      <Filter>External\Assimp\FBX</Filter>
    </ClInclude>
    <ClInclude Include="..\..\External\Assimp\code\FBXImporter.h">
      <Filter>External\Assimp\FBX</Filter>
    </ClInclude>
    <ClInclude Include="..\..\External\Assimp\code\FBXImportSettings.h">
      <Filter>External\Assimp\FBX</Filter>
    </ClInclude>
    <ClInclude Include="..\..\External\Assimp\code\FBXMeshGeometry.h">
      <Filter>External\Assimp\FBX</Filter>
    </ClInclude>
    <ClInclude Include="..\..\External\Assimp\code\FBXParser.h">
      <Filter>External\Assimp\FBX</Filter>
    </ClInclude>
    <ClInclude Include="..\..\External\Assimp\code\FBXProperties.h">
      <Filter>External\Assimp\FBX</Filter>
    </ClInclude>
    <ClInclude Include="..\..\External\Assimp\code\FBXTokenizer.h">
      <Filter>External\Assimp\FBX</Filter>
    </ClInclude>
    <ClInclude Include="..\..\External\Assimp\code\FBXUtil.h">
      <Filter>External\Assimp\FBX</Filter>
    </ClInclude>
    <ClInclude Include="..\..\External\Assimp\code\FBXCompileConfig.h">
      <Filter>External\Assimp\FBX</Filter>
    </ClInclude>
    <ClInclude Include="..\..\External\Assimp\code\FBXConverter.h">
      <Filter>External\Assimp\FBX</Filter>
    </ClInclude>
    <ClInclude Include="..\..\External\Assimp\code\FBXDocument.h">
      <Filter>External\Assimp\FBX</Filter>
    </ClInclude>
    <ClInclude Include="..\..\External\Assimp\contrib\zlib\inflate.h">
      <Filter>External\Assimp\contrib\zlib</Filter>
    </ClInclude>
    <ClInclude Include="..\..\External\Assimp\contrib\zlib\inftrees.h">
      <Filter>External\Assimp\contrib\zlib</Filter>
    </ClInclude>
    <ClInclude Include="..\..\External\Assimp\contrib\zlib\trees.h">
      <Filter>External\Assimp\contrib\zlib</Filter>
    </ClInclude>
    <ClInclude Include="..\..\External\Assimp\contrib\zlib\zconf.h">
      <Filter>External\Assimp\contrib\zlib</Filter>
    </ClInclude>
    <ClInclude Include="..\..\External\Assimp\contrib\zlib\zlib.h">
      <Filter>External\Assimp\contrib\zlib</Filter>
    </ClInclude>
    <ClInclude Include="..\..\External\Assimp\contrib\zlib\zutil.h">
      <Filter>External\Assimp\contrib\zlib</Filter>
    </ClInclude>
    <ClInclude Include="..\..\External\Assimp\contrib\zlib\crc32.h">
      <Filter>External\Assimp\contrib\zlib</Filter>
    </ClInclude>
    <ClInclude Include="..\..\External\Assimp\contrib\zlib\deflate.h">
      <Filter>External\Assimp\contrib\zlib</Filter>
    </ClInclude>
    <ClInclude Include="..\..\External\Assimp\contrib\zlib\gzguts.h">
      <Filter>External\Assimp\contrib\zlib</Filter>
    </ClInclude>
    <ClInclude Include="..\..\External\Assimp\contrib\zlib\inffast.h">
      <Filter>External\Assimp\contrib\zlib</Filter>
    </ClInclude>
    <ClInclude Include="..\..\External\Assimp\contrib\zlib\inffixed.h">
      <Filter>External\Assimp\contrib\zlib</Filter>
    </ClInclude>
    <ClInclude Include="..\..\External\Assimp\code\BlenderModifier.h">
      <Filter>External\Assimp\BLEND</Filter>
    </ClInclude>
    <ClInclude Include="..\..\External\Assimp\code\BlenderScene.h">
      <Filter>External\Assimp\BLEND</Filter>
    </ClInclude>
    <ClInclude Include="..\..\External\Assimp\code\BlenderSceneGen.h">
      <Filter>External\Assimp\BLEND</Filter>
    </ClInclude>
    <ClInclude Include="..\..\External\Assimp\code\BlenderTessellator.h">
      <Filter>External\Assimp\BLEND</Filter>
    </ClInclude>
    <ClInclude Include="..\..\External\Assimp\code\BlenderBMesh.h">
      <Filter>External\Assimp\BLEND</Filter>
    </ClInclude>
    <ClInclude Include="..\..\External\Assimp\code\BlenderDNA.h">
      <Filter>External\Assimp\BLEND</Filter>
    </ClInclude>
    <ClInclude Include="..\..\External\Assimp\code\BlenderIntermediate.h">
      <Filter>External\Assimp\BLEND</Filter>
    </ClInclude>
    <ClInclude Include="..\..\External\Assimp\code\BlenderLoader.h">
      <Filter>External\Assimp\BLEND</Filter>
    </ClInclude>
    <ClInclude Include="..\..\External\Assimp\contrib\poly2tri\poly2tri\poly2tri.h">
      <Filter>External\Assimp\contrib\poly2tri</Filter>
    </ClInclude>
    <ClInclude Include="..\..\External\Assimp\contrib\poly2tri\poly2tri\sweep\cdt.h">
      <Filter>External\Assimp\contrib\poly2tri</Filter>
    </ClInclude>
    <ClInclude Include="..\..\External\Assimp\contrib\poly2tri\poly2tri\sweep\sweep.h">
      <Filter>External\Assimp\contrib\poly2tri</Filter>
    </ClInclude>
    <ClInclude Include="..\..\External\Assimp\contrib\poly2tri\poly2tri\sweep\sweep_context.h">
      <Filter>External\Assimp\contrib\poly2tri</Filter>
    </ClInclude>
    <ClInclude Include="..\..\External\Assimp\contrib\poly2tri\poly2tri\sweep\advancing_front.h">
      <Filter>External\Assimp\contrib\poly2tri</Filter>
    </ClInclude>
    <ClInclude Include="..\..\External\Assimp\contrib\poly2tri\poly2tri\common\shapes.h">
      <Filter>External\Assimp\contrib\poly2tri</Filter>
    </ClInclude>
    <ClInclude Include="..\..\External\Assimp\contrib\poly2tri\poly2tri\common\utils.h">
      <Filter>External\Assimp\contrib\poly2tri</Filter>
    </ClInclude>
    <ClInclude Include="..\..\External\Assimp\code\ColladaParser.h">
      <Filter>External\Assimp\COLLADA</Filter>
    </ClInclude>
    <ClInclude Include="..\..\External\Assimp\code\ColladaExporter.h">
      <Filter>External\Assimp\COLLADA</Filter>
    </ClInclude>
    <ClInclude Include="..\..\External\Assimp\code\ColladaHelper.h">
      <Filter>External\Assimp\COLLADA</Filter>
    </ClInclude>
    <ClInclude Include="..\..\External\Assimp\code\ColladaLoader.h">
      <Filter>External\Assimp\COLLADA</Filter>
    </ClInclude>
    <ClInclude Include="..\..\External\Assimp\code\glTF2Asset.h">
      <Filter>External\Assimp\GLTF</Filter>
    </ClInclude>
    <ClInclude Include="..\..\External\Assimp\code\glTF2AssetWriter.h">
      <Filter>External\Assimp\GLTF</Filter>
    </ClInclude>
    <ClInclude Include="..\..\External\Assimp\code\glTF2Exporter.h">
      <Filter>External\Assimp\GLTF</Filter>
    </ClInclude>
    <ClInclude Include="..\..\External\Assimp\code\glTF2Importer.h">
      <Filter>External\Assimp\GLTF</Filter>
    </ClInclude>
    <ClInclude Include="..\..\External\Assimp\code\glTFAsset.h">
      <Filter>External\Assimp\GLTF</Filter>
    </ClInclude>
    <ClInclude Include="..\..\External\Assimp\code\glTFAssetWriter.h">
      <Filter>External\Assimp\GLTF</Filter>
    </ClInclude>
    <ClInclude Include="..\..\External\Assimp\code\glTFExporter.h">
      <Filter>External\Assimp\GLTF</Filter>
    </ClInclude>
    <ClInclude Include="..\..\External\Assimp\code\glTFImporter.h">
      <Filter>External\Assimp\GLTF</Filter>
    </ClInclude>
    <ClInclude Include="..\..\External\Assimp\include\assimp\SceneCombiner.h">
      <Filter>External\Assimp\Public</Filter>
    </ClInclude>
    <ClInclude Include="..\..\External\utf8cpp\utf8\utf8.h">
      <Filter>External\Assimp\contrib\utf8cpp</Filter>
    </ClInclude>
    <ClInclude Include="..\..\External\utf8cpp\utf8\utf8\checked.h">
      <Filter>External\Assimp\contrib\utf8cpp</Filter>
    </ClInclude>
    <ClInclude Include="..\..\External\utf8cpp\utf8\utf8\core.h">
      <Filter>External\Assimp\contrib\utf8cpp</Filter>
    </ClInclude>
    <ClInclude Include="..\..\External\utf8cpp\utf8\utf8\unchecked.h">
      <Filter>External\Assimp\contrib\utf8cpp</Filter>
    </ClInclude>
  </ItemGroup>
  <ItemGroup>
    <ClCompile Include="src\RendererToolkitImpl.cpp">
      <Filter>Source Files</Filter>
    </ClCompile>
    <ClCompile Include="src\AssetCompiler\TextureAssetCompiler.cpp">
      <Filter>Source Files\AssetCompiler</Filter>
    </ClCompile>
    <ClCompile Include="src\AssetCompiler\MaterialAssetCompiler.cpp">
      <Filter>Source Files\AssetCompiler</Filter>
    </ClCompile>
    <ClCompile Include="src\AssetCompiler\MeshAssetCompiler.cpp">
      <Filter>Source Files\AssetCompiler</Filter>
    </ClCompile>
    <ClCompile Include="src\Project\ProjectImpl.cpp">
      <Filter>Source Files\Project</Filter>
    </ClCompile>
    <ClCompile Include="src\Project\ProjectAssetMonitor.cpp">
      <Filter>Source Files\Project</Filter>
    </ClCompile>
    <ClCompile Include="..\..\External\SimpleFileWatcher\src\FileWatcher\FileWatcherLinux.cpp">
      <Filter>External\SimpleFileWatcher</Filter>
    </ClCompile>
    <ClCompile Include="..\..\External\SimpleFileWatcher\src\FileWatcher\FileWatcherOSX.cpp">
      <Filter>External\SimpleFileWatcher</Filter>
    </ClCompile>
    <ClCompile Include="..\..\External\SimpleFileWatcher\src\FileWatcher\FileWatcherWin32.cpp">
      <Filter>External\SimpleFileWatcher</Filter>
    </ClCompile>
    <ClCompile Include="..\..\External\SimpleFileWatcher\src\FileWatcher\FileWatcher.cpp">
      <Filter>External\SimpleFileWatcher</Filter>
    </ClCompile>
    <ClCompile Include="src\AssetCompiler\SceneAssetCompiler.cpp">
      <Filter>Source Files\AssetCompiler</Filter>
    </ClCompile>
    <ClCompile Include="src\AssetCompiler\SkeletonAssetCompiler.cpp">
      <Filter>Source Files\AssetCompiler</Filter>
    </ClCompile>
    <ClCompile Include="src\AssetCompiler\ShaderBlueprintAssetCompiler.cpp">
      <Filter>Source Files\AssetCompiler</Filter>
    </ClCompile>
    <ClCompile Include="src\AssetCompiler\MaterialBlueprintAssetCompiler.cpp">
      <Filter>Source Files\AssetCompiler</Filter>
    </ClCompile>
    <ClCompile Include="src\Helper\JsonMaterialHelper.cpp">
      <Filter>Source Files\Helper</Filter>
    </ClCompile>
    <ClCompile Include="src\Helper\JsonHelper.cpp">
      <Filter>Source Files\Helper</Filter>
    </ClCompile>
    <ClCompile Include="src\Helper\JsonMaterialBlueprintHelper.cpp">
      <Filter>Source Files\Helper</Filter>
    </ClCompile>
    <ClCompile Include="src\AssetCompiler\ShaderPieceAssetCompiler.cpp">
      <Filter>Source Files\AssetCompiler</Filter>
    </ClCompile>
    <ClCompile Include="src\Helper\StringHelper.cpp">
      <Filter>Source Files\Helper</Filter>
    </ClCompile>
    <ClCompile Include="src\AssetCompiler\CompositorWorkspaceAssetCompiler.cpp">
      <Filter>Source Files\AssetCompiler</Filter>
    </ClCompile>
    <ClCompile Include="src\AssetCompiler\CompositorNodeAssetCompiler.cpp">
      <Filter>Source Files\AssetCompiler</Filter>
    </ClCompile>
    <ClCompile Include="src\AssetCompiler\SkeletonAnimationAssetCompiler.cpp">
      <Filter>Source Files\AssetCompiler</Filter>
    </ClCompile>
    <ClCompile Include="src\Helper\CacheManager.cpp">
      <Filter>Source Files\Helper</Filter>
    </ClCompile>
    <ClCompile Include="src\AssetCompiler\VertexAttributesAssetCompiler.cpp">
      <Filter>Source Files\AssetCompiler</Filter>
    </ClCompile>
    <ClCompile Include="..\..\External\mikktspace\src\mikktspace.c">
      <Filter>External\mikktspace</Filter>
    </ClCompile>
    <ClCompile Include="src\AssetCompiler\IAssetCompiler.cpp">
      <Filter>Source Files\AssetCompiler</Filter>
    </ClCompile>
    <ClCompile Include="src\AssetImporter\SketchfabAssetImporter.cpp">
      <Filter>Source Files\AssetImpoter</Filter>
    </ClCompile>
    <ClCompile Include="src\AssetImporter\OgreAssetImporter.cpp">
      <Filter>Source Files\AssetImpoter</Filter>
    </ClCompile>
    <ClCompile Include="src\Helper\AssimpHelper.cpp">
      <Filter>Source Files\Helper</Filter>
    </ClCompile>
    <ClCompile Include="src\Helper\AssimpLogStream.cpp">
      <Filter>Source Files\Helper</Filter>
    </ClCompile>
    <ClCompile Include="..\..\External\crunch\src\crn_assert.cpp">
      <Filter>External\crunch</Filter>
    </ClCompile>
    <ClCompile Include="..\..\External\crunch\src\crn_core.cpp">
      <Filter>External\crunch</Filter>
    </ClCompile>
    <ClCompile Include="..\..\External\crunch\src\crn_mem.cpp">
      <Filter>External\crunch</Filter>
    </ClCompile>
    <ClCompile Include="..\..\External\crunch\src\crn_platform.cpp">
      <Filter>External\crunch</Filter>
    </ClCompile>
    <ClCompile Include="..\..\External\crunch\src\crnlib.cpp">
      <Filter>External\crunch\api</Filter>
    </ClCompile>
    <ClCompile Include="..\..\External\crunch\src\crn_dxt.cpp">
      <Filter>External\crunch\comp</Filter>
    </ClCompile>
    <ClCompile Include="..\..\External\crunch\src\crn_dxt_endpoint_refiner.cpp">
      <Filter>External\crunch\comp</Filter>
    </ClCompile>
    <ClCompile Include="..\..\External\crunch\src\crn_dxt_fast.cpp">
      <Filter>External\crunch\comp</Filter>
    </ClCompile>
    <ClCompile Include="..\..\External\crunch\src\crn_dxt_hc_common.cpp">
      <Filter>External\crunch\comp</Filter>
    </ClCompile>
    <ClCompile Include="..\..\External\crunch\src\crn_dxt1.cpp">
      <Filter>External\crunch\comp</Filter>
    </ClCompile>
    <ClCompile Include="..\..\External\crunch\src\crn_dxt5a.cpp">
      <Filter>External\crunch\comp</Filter>
    </ClCompile>
    <ClCompile Include="..\..\External\crunch\src\crn_etc.cpp">
      <Filter>External\crunch\comp</Filter>
    </ClCompile>
    <ClCompile Include="..\..\External\crunch\src\crn_huffman_codes.cpp">
      <Filter>External\crunch\comp</Filter>
    </ClCompile>
    <ClCompile Include="..\..\External\crunch\src\crn_lzma_codec.cpp">
      <Filter>External\crunch\comp</Filter>
    </ClCompile>
    <ClCompile Include="..\..\External\crunch\src\crn_miniz.cpp">
      <Filter>External\crunch\comp</Filter>
    </ClCompile>
    <ClCompile Include="..\..\External\crunch\src\crn_prefix_coding.cpp">
      <Filter>External\crunch\comp</Filter>
    </ClCompile>
    <ClCompile Include="..\..\External\crunch\src\crn_qdxt5.cpp">
      <Filter>External\crunch\comp</Filter>
    </ClCompile>
    <ClCompile Include="..\..\External\crunch\src\crn_qdxt1.cpp">
      <Filter>External\crunch\comp</Filter>
    </ClCompile>
    <ClCompile Include="..\..\External\crunch\src\crn_rg_etc1.cpp">
      <Filter>External\crunch\comp</Filter>
    </ClCompile>
    <ClCompile Include="..\..\External\crunch\src\crn_ryg_dxt.cpp">
      <Filter>External\crunch\comp</Filter>
    </ClCompile>
    <ClCompile Include="..\..\External\crunch\src\crn_symbol_codec.cpp">
      <Filter>External\crunch\comp</Filter>
    </ClCompile>
    <ClCompile Include="..\..\External\crunch\src\crn_zeng.cpp">
      <Filter>External\crunch\comp</Filter>
    </ClCompile>
    <ClCompile Include="..\..\External\crunch\src\crn_colorized_console.cpp">
      <Filter>External\crunch\console</Filter>
    </ClCompile>
    <ClCompile Include="..\..\External\crunch\src\crn_console.cpp">
      <Filter>External\crunch\console</Filter>
    </ClCompile>
    <ClCompile Include="..\..\External\crunch\src\crn_sparse_bit_array.cpp">
      <Filter>External\crunch\containers</Filter>
    </ClCompile>
    <ClCompile Include="..\..\External\crunch\src\crn_value.cpp">
      <Filter>External\crunch\containers</Filter>
    </ClCompile>
    <ClCompile Include="..\..\External\crunch\src\crn_vector.cpp">
      <Filter>External\crunch\containers</Filter>
    </ClCompile>
    <ClCompile Include="..\..\External\crunch\src\crn_comp.cpp">
      <Filter>External\crunch\crn</Filter>
    </ClCompile>
    <ClCompile Include="..\..\External\crunch\src\crn_dds_comp.cpp">
      <Filter>External\crunch\crn</Filter>
    </ClCompile>
    <ClCompile Include="..\..\External\crunch\src\crn_decomp.cpp">
      <Filter>External\crunch\crn</Filter>
    </ClCompile>
    <ClCompile Include="..\..\External\crunch\src\crn_dxt_hc.cpp">
      <Filter>External\crunch\crn</Filter>
    </ClCompile>
    <ClCompile Include="..\..\External\crunch\src\crn_texture_comp.cpp">
      <Filter>External\crunch\crn</Filter>
    </ClCompile>
    <ClCompile Include="..\..\External\crunch\src\crn_file_utils.cpp">
      <Filter>External\crunch\file</Filter>
    </ClCompile>
    <ClCompile Include="..\..\External\crunch\src\crn_find_files.cpp">
      <Filter>External\crunch\file</Filter>
    </ClCompile>
    <ClCompile Include="..\..\External\crunch\src\crn_image_utils.cpp">
      <Filter>External\crunch\image</Filter>
    </ClCompile>
    <ClCompile Include="..\..\External\crunch\src\crn_jpgd.cpp">
      <Filter>External\crunch\image</Filter>
    </ClCompile>
    <ClCompile Include="..\..\External\crunch\src\crn_jpge.cpp">
      <Filter>External\crunch\image</Filter>
    </ClCompile>
    <ClCompile Include="..\..\External\crunch\src\crn_pixel_format.cpp">
      <Filter>External\crunch\image</Filter>
    </ClCompile>
    <ClCompile Include="..\..\External\crunch\src\crn_resample_filters.cpp">
      <Filter>External\crunch\image</Filter>
    </ClCompile>
    <ClCompile Include="..\..\External\crunch\src\crn_resampler.cpp">
      <Filter>External\crunch\image</Filter>
    </ClCompile>
    <ClCompile Include="..\..\External\crunch\src\crn_stb_image.cpp">
      <Filter>External\crunch\image</Filter>
    </ClCompile>
    <ClCompile Include="..\..\External\crunch\src\crn_threaded_resampler.cpp">
      <Filter>External\crunch\image</Filter>
    </ClCompile>
    <ClCompile Include="..\..\External\crunch\src\lzma_7zBuf.cpp">
      <Filter>External\crunch\lzmalib</Filter>
    </ClCompile>
    <ClCompile Include="..\..\External\crunch\src\lzma_7zBuf2.cpp">
      <Filter>External\crunch\lzmalib</Filter>
    </ClCompile>
    <ClCompile Include="..\..\External\crunch\src\lzma_7zCrc.cpp">
      <Filter>External\crunch\lzmalib</Filter>
    </ClCompile>
    <ClCompile Include="..\..\External\crunch\src\lzma_7zFile.cpp">
      <Filter>External\crunch\lzmalib</Filter>
    </ClCompile>
    <ClCompile Include="..\..\External\crunch\src\lzma_7zStream.cpp">
      <Filter>External\crunch\lzmalib</Filter>
    </ClCompile>
    <ClCompile Include="..\..\External\crunch\src\lzma_Alloc.cpp">
      <Filter>External\crunch\lzmalib</Filter>
    </ClCompile>
    <ClCompile Include="..\..\External\crunch\src\lzma_Bcj2.cpp">
      <Filter>External\crunch\lzmalib</Filter>
    </ClCompile>
    <ClCompile Include="..\..\External\crunch\src\lzma_Bra.cpp">
      <Filter>External\crunch\lzmalib</Filter>
    </ClCompile>
    <ClCompile Include="..\..\External\crunch\src\lzma_Bra86.cpp">
      <Filter>External\crunch\lzmalib</Filter>
    </ClCompile>
    <ClCompile Include="..\..\External\crunch\src\lzma_BraIA64.cpp">
      <Filter>External\crunch\lzmalib</Filter>
    </ClCompile>
    <ClCompile Include="..\..\External\crunch\src\lzma_LzFind.cpp">
      <Filter>External\crunch\lzmalib</Filter>
    </ClCompile>
    <ClCompile Include="..\..\External\crunch\src\lzma_LzFindMt.cpp">
      <Filter>External\crunch\lzmalib</Filter>
    </ClCompile>
    <ClCompile Include="..\..\External\crunch\src\lzma_LzmaDec.cpp">
      <Filter>External\crunch\lzmalib</Filter>
    </ClCompile>
    <ClCompile Include="..\..\External\crunch\src\lzma_LzmaEnc.cpp">
      <Filter>External\crunch\lzmalib</Filter>
    </ClCompile>
    <ClCompile Include="..\..\External\crunch\src\lzma_LzmaLib.cpp">
      <Filter>External\crunch\lzmalib</Filter>
    </ClCompile>
    <ClCompile Include="..\..\External\crunch\src\lzma_Threads.cpp">
      <Filter>External\crunch\lzmalib</Filter>
    </ClCompile>
    <ClCompile Include="..\..\External\crunch\src\crn_math.cpp">
      <Filter>External\crunch\math</Filter>
    </ClCompile>
    <ClCompile Include="..\..\External\crunch\src\crn_rand.cpp">
      <Filter>External\crunch\math</Filter>
    </ClCompile>
    <ClCompile Include="..\..\External\crunch\src\crn_data_stream.cpp">
      <Filter>External\crunch\stream</Filter>
    </ClCompile>
    <ClCompile Include="..\..\External\crunch\src\crn_dynamic_string.cpp">
      <Filter>External\crunch\string</Filter>
    </ClCompile>
    <ClCompile Include="..\..\External\crunch\src\crn_strutils.cpp">
      <Filter>External\crunch\string</Filter>
    </ClCompile>
    <ClCompile Include="..\..\External\crunch\src\crn_dxt_image.cpp">
      <Filter>External\crunch\texture</Filter>
    </ClCompile>
    <ClCompile Include="..\..\External\crunch\src\crn_ktx_texture.cpp">
      <Filter>External\crunch\texture</Filter>
    </ClCompile>
    <ClCompile Include="..\..\External\crunch\src\crn_mipmapped_texture.cpp">
      <Filter>External\crunch\texture</Filter>
    </ClCompile>
    <ClCompile Include="..\..\External\crunch\src\crn_texture_conversion.cpp">
      <Filter>External\crunch\texture_conversion</Filter>
    </ClCompile>
    <ClCompile Include="..\..\External\crunch\src\crn_texture_file_types.cpp">
      <Filter>External\crunch\texture_conversion</Filter>
    </ClCompile>
    <ClCompile Include="..\..\External\crunch\src\crn_threading_pthreads.cpp">
      <Filter>External\crunch\threading</Filter>
    </ClCompile>
    <ClCompile Include="..\..\External\crunch\src\crn_threading_win32.cpp">
      <Filter>External\crunch\threading</Filter>
    </ClCompile>
    <ClCompile Include="..\..\External\crunch\src\crn_arealist.cpp">
      <Filter>External\crunch\utils</Filter>
    </ClCompile>
    <ClCompile Include="..\..\External\crunch\src\crn_checksum.cpp">
      <Filter>External\crunch\utils</Filter>
    </ClCompile>
    <ClCompile Include="..\..\External\crunch\src\crn_command_line_params.cpp">
      <Filter>External\crunch\utils</Filter>
    </ClCompile>
    <ClCompile Include="..\..\External\crunch\src\crn_hash.cpp">
      <Filter>External\crunch\utils</Filter>
    </ClCompile>
    <ClCompile Include="..\..\External\crunch\src\crn_timer.cpp">
      <Filter>External\crunch\utils</Filter>
    </ClCompile>
    <ClCompile Include="..\..\External\crunch\src\crn_utils.cpp">
      <Filter>External\crunch\utils</Filter>
    </ClCompile>
    <ClCompile Include="..\..\External\Assimp\code\Bitmap.cpp">
      <Filter>External\Assimp\Common</Filter>
    </ClCompile>
    <ClCompile Include="..\..\External\Assimp\code\BaseImporter.cpp">
      <Filter>External\Assimp\Common</Filter>
    </ClCompile>
    <ClCompile Include="..\..\External\Assimp\code\BaseProcess.cpp">
      <Filter>External\Assimp\Common</Filter>
    </ClCompile>
    <ClCompile Include="..\..\External\Assimp\code\DefaultIOStream.cpp">
      <Filter>External\Assimp\Common</Filter>
    </ClCompile>
    <ClCompile Include="..\..\External\Assimp\code\DefaultIOSystem.cpp">
      <Filter>External\Assimp\Common</Filter>
    </ClCompile>
    <ClCompile Include="..\..\External\Assimp\code\CInterfaceIOWrapper.cpp">
      <Filter>External\Assimp\Common</Filter>
    </ClCompile>
    <ClCompile Include="..\..\External\Assimp\code\CreateAnimMesh.cpp">
      <Filter>External\Assimp\Common</Filter>
    </ClCompile>
    <ClCompile Include="..\..\External\Assimp\code\scene.cpp">
      <Filter>External\Assimp\Common</Filter>
    </ClCompile>
    <ClCompile Include="..\..\External\Assimp\code\SceneCombiner.cpp">
      <Filter>External\Assimp\Common</Filter>
    </ClCompile>
    <ClCompile Include="..\..\External\Assimp\code\ScenePreprocessor.cpp">
      <Filter>External\Assimp\Common</Filter>
    </ClCompile>
    <ClCompile Include="..\..\External\Assimp\code\SGSpatialSort.cpp">
      <Filter>External\Assimp\Common</Filter>
    </ClCompile>
    <ClCompile Include="..\..\External\Assimp\code\SkeletonMeshBuilder.cpp">
      <Filter>External\Assimp\Common</Filter>
    </ClCompile>
    <ClCompile Include="..\..\External\Assimp\code\SpatialSort.cpp">
      <Filter>External\Assimp\Common</Filter>
    </ClCompile>
    <ClCompile Include="..\..\External\Assimp\code\Importer.cpp">
      <Filter>External\Assimp\Common</Filter>
    </ClCompile>
    <ClCompile Include="..\..\External\Assimp\code\ImporterRegistry.cpp">
      <Filter>External\Assimp\Common</Filter>
    </ClCompile>
    <ClCompile Include="..\..\External\Assimp\code\PostStepRegistry.cpp">
      <Filter>External\Assimp\Common</Filter>
    </ClCompile>
    <ClCompile Include="..\..\External\Assimp\code\RemoveComments.cpp">
      <Filter>External\Assimp\Common</Filter>
    </ClCompile>
    <ClCompile Include="..\..\External\Assimp\code\TargetAnimation.cpp">
      <Filter>External\Assimp\Common</Filter>
    </ClCompile>
    <ClCompile Include="..\..\External\Assimp\code\Version.cpp">
      <Filter>External\Assimp\Common</Filter>
    </ClCompile>
    <ClCompile Include="..\..\External\Assimp\code\VertexTriangleAdjacency.cpp">
      <Filter>External\Assimp\Common</Filter>
    </ClCompile>
    <ClCompile Include="..\..\External\Assimp\code\SplitByBoneCountProcess.cpp">
      <Filter>External\Assimp\Common</Filter>
    </ClCompile>
    <ClCompile Include="..\..\External\Assimp\code\StandardShapes.cpp">
      <Filter>External\Assimp\Common</Filter>
    </ClCompile>
    <ClCompile Include="..\..\External\Assimp\code\Subdivision.cpp">
      <Filter>External\Assimp\Common</Filter>
    </ClCompile>
    <ClCompile Include="..\..\External\Assimp\code\FindInvalidDataProcess.cpp">
      <Filter>External\Assimp\PostProcessing</Filter>
    </ClCompile>
    <ClCompile Include="..\..\External\Assimp\code\FixNormalsStep.cpp">
      <Filter>External\Assimp\PostProcessing</Filter>
    </ClCompile>
    <ClCompile Include="..\..\External\Assimp\code\GenFaceNormalsProcess.cpp">
      <Filter>External\Assimp\PostProcessing</Filter>
    </ClCompile>
    <ClCompile Include="..\..\External\Assimp\code\GenVertexNormalsProcess.cpp">
      <Filter>External\Assimp\PostProcessing</Filter>
    </ClCompile>
    <ClCompile Include="..\..\External\Assimp\code\CalcTangentsProcess.cpp">
      <Filter>External\Assimp\PostProcessing</Filter>
    </ClCompile>
    <ClCompile Include="..\..\External\Assimp\code\ComputeUVMappingProcess.cpp">
      <Filter>External\Assimp\PostProcessing</Filter>
    </ClCompile>
    <ClCompile Include="..\..\External\Assimp\code\ConvertToLHProcess.cpp">
      <Filter>External\Assimp\PostProcessing</Filter>
    </ClCompile>
    <ClCompile Include="..\..\External\Assimp\code\DeboneProcess.cpp">
      <Filter>External\Assimp\PostProcessing</Filter>
    </ClCompile>
    <ClCompile Include="..\..\External\Assimp\code\FindDegenerates.cpp">
      <Filter>External\Assimp\PostProcessing</Filter>
    </ClCompile>
    <ClCompile Include="..\..\External\Assimp\code\FindInstancesProcess.cpp">
      <Filter>External\Assimp\PostProcessing</Filter>
    </ClCompile>
    <ClCompile Include="..\..\External\Assimp\code\RemoveVCProcess.cpp">
      <Filter>External\Assimp\PostProcessing</Filter>
    </ClCompile>
    <ClCompile Include="..\..\External\Assimp\code\SortByPTypeProcess.cpp">
      <Filter>External\Assimp\PostProcessing</Filter>
    </ClCompile>
    <ClCompile Include="..\..\External\Assimp\code\SplitLargeMeshes.cpp">
      <Filter>External\Assimp\PostProcessing</Filter>
    </ClCompile>
    <ClCompile Include="..\..\External\Assimp\code\TextureTransform.cpp">
      <Filter>External\Assimp\PostProcessing</Filter>
    </ClCompile>
    <ClCompile Include="..\..\External\Assimp\code\TriangulateProcess.cpp">
      <Filter>External\Assimp\PostProcessing</Filter>
    </ClCompile>
    <ClCompile Include="..\..\External\Assimp\code\ValidateDataStructure.cpp">
      <Filter>External\Assimp\PostProcessing</Filter>
    </ClCompile>
    <ClCompile Include="..\..\External\Assimp\code\ImproveCacheLocality.cpp">
      <Filter>External\Assimp\PostProcessing</Filter>
    </ClCompile>
    <ClCompile Include="..\..\External\Assimp\code\JoinVerticesProcess.cpp">
      <Filter>External\Assimp\PostProcessing</Filter>
    </ClCompile>
    <ClCompile Include="..\..\External\Assimp\code\LimitBoneWeightsProcess.cpp">
      <Filter>External\Assimp\PostProcessing</Filter>
    </ClCompile>
    <ClCompile Include="..\..\External\Assimp\code\MakeVerboseFormat.cpp">
      <Filter>External\Assimp\PostProcessing</Filter>
    </ClCompile>
    <ClCompile Include="..\..\External\Assimp\code\OptimizeGraph.cpp">
      <Filter>External\Assimp\PostProcessing</Filter>
    </ClCompile>
    <ClCompile Include="..\..\External\Assimp\code\OptimizeMeshes.cpp">
      <Filter>External\Assimp\PostProcessing</Filter>
    </ClCompile>
    <ClCompile Include="..\..\External\Assimp\code\PretransformVertices.cpp">
      <Filter>External\Assimp\PostProcessing</Filter>
    </ClCompile>
    <ClCompile Include="..\..\External\Assimp\code\RemoveRedundantMaterials.cpp">
      <Filter>External\Assimp\PostProcessing</Filter>
    </ClCompile>
    <ClCompile Include="..\..\External\Assimp\code\ProcessHelper.cpp">
      <Filter>External\Assimp\PostProcessing</Filter>
    </ClCompile>
    <ClCompile Include="..\..\External\Assimp\code\MaterialSystem.cpp">
      <Filter>External\Assimp\MaterialSystem</Filter>
    </ClCompile>
    <ClCompile Include="..\..\External\Assimp\code\DefaultLogger.cpp">
      <Filter>External\Assimp\Logging</Filter>
    </ClCompile>
    <ClCompile Include="..\..\External\Assimp\code\OgreImporter.cpp">
      <Filter>External\Assimp\OGRE</Filter>
    </ClCompile>
    <ClCompile Include="..\..\External\Assimp\code\OgreMaterial.cpp">
      <Filter>External\Assimp\OGRE</Filter>
    </ClCompile>
    <ClCompile Include="..\..\External\Assimp\code\OgreStructs.cpp">
      <Filter>External\Assimp\OGRE</Filter>
    </ClCompile>
    <ClCompile Include="..\..\External\Assimp\code\OgreXmlSerializer.cpp">
      <Filter>External\Assimp\OGRE</Filter>
    </ClCompile>
    <ClCompile Include="..\..\External\Assimp\code\OgreBinarySerializer.cpp">
      <Filter>External\Assimp\OGRE</Filter>
    </ClCompile>
    <ClCompile Include="..\..\External\Assimp\contrib\irrXML\irrXML.cpp">
      <Filter>External\Assimp\contrib\irrXML</Filter>
    </ClCompile>
    <ClCompile Include="..\..\External\Assimp\code\MD5Parser.cpp">
      <Filter>External\Assimp\MD5</Filter>
    </ClCompile>
    <ClCompile Include="..\..\External\Assimp\code\MD5Loader.cpp">
      <Filter>External\Assimp\MD5</Filter>
    </ClCompile>
    <ClCompile Include="..\..\External\Assimp\code\ObjFileMtlImporter.cpp">
      <Filter>External\Assimp\OBJ</Filter>
    </ClCompile>
    <ClCompile Include="..\..\External\Assimp\code\ObjFileParser.cpp">
      <Filter>External\Assimp\OBJ</Filter>
    </ClCompile>
    <ClCompile Include="..\..\External\Assimp\code\ObjExporter.cpp">
      <Filter>External\Assimp\OBJ</Filter>
    </ClCompile>
    <ClCompile Include="..\..\External\Assimp\code\ObjFileImporter.cpp">
      <Filter>External\Assimp\OBJ</Filter>
    </ClCompile>
    <ClCompile Include="..\..\External\Assimp\code\FBXDocumentUtil.cpp">
      <Filter>External\Assimp\FBX</Filter>
    </ClCompile>
    <ClCompile Include="..\..\External\Assimp\code\FBXImporter.cpp">
      <Filter>External\Assimp\FBX</Filter>
    </ClCompile>
    <ClCompile Include="..\..\External\Assimp\code\FBXMaterial.cpp">
      <Filter>External\Assimp\FBX</Filter>
    </ClCompile>
    <ClCompile Include="..\..\External\Assimp\code\FBXMeshGeometry.cpp">
      <Filter>External\Assimp\FBX</Filter>
    </ClCompile>
    <ClCompile Include="..\..\External\Assimp\code\FBXModel.cpp">
      <Filter>External\Assimp\FBX</Filter>
    </ClCompile>
    <ClCompile Include="..\..\External\Assimp\code\FBXNodeAttribute.cpp">
      <Filter>External\Assimp\FBX</Filter>
    </ClCompile>
    <ClCompile Include="..\..\External\Assimp\code\FBXParser.cpp">
      <Filter>External\Assimp\FBX</Filter>
    </ClCompile>
    <ClCompile Include="..\..\External\Assimp\code\FBXProperties.cpp">
      <Filter>External\Assimp\FBX</Filter>
    </ClCompile>
    <ClCompile Include="..\..\External\Assimp\code\FBXTokenizer.cpp">
      <Filter>External\Assimp\FBX</Filter>
    </ClCompile>
    <ClCompile Include="..\..\External\Assimp\code\FBXUtil.cpp">
      <Filter>External\Assimp\FBX</Filter>
    </ClCompile>
    <ClCompile Include="..\..\External\Assimp\code\FBXAnimation.cpp">
      <Filter>External\Assimp\FBX</Filter>
    </ClCompile>
    <ClCompile Include="..\..\External\Assimp\code\FBXBinaryTokenizer.cpp">
      <Filter>External\Assimp\FBX</Filter>
    </ClCompile>
    <ClCompile Include="..\..\External\Assimp\code\FBXConverter.cpp">
      <Filter>External\Assimp\FBX</Filter>
    </ClCompile>
    <ClCompile Include="..\..\External\Assimp\code\FBXDeformer.cpp">
      <Filter>External\Assimp\FBX</Filter>
    </ClCompile>
    <ClCompile Include="..\..\External\Assimp\code\FBXDocument.cpp">
      <Filter>External\Assimp\FBX</Filter>
    </ClCompile>
    <ClCompile Include="..\..\External\Assimp\contrib\zlib\inflate.c">
      <Filter>External\Assimp\contrib\zlib</Filter>
    </ClCompile>
    <ClCompile Include="..\..\External\Assimp\contrib\zlib\inftrees.c">
      <Filter>External\Assimp\contrib\zlib</Filter>
    </ClCompile>
    <ClCompile Include="..\..\External\Assimp\contrib\zlib\trees.c">
      <Filter>External\Assimp\contrib\zlib</Filter>
    </ClCompile>
    <ClCompile Include="..\..\External\Assimp\contrib\zlib\uncompr.c">
      <Filter>External\Assimp\contrib\zlib</Filter>
    </ClCompile>
    <ClCompile Include="..\..\External\Assimp\contrib\zlib\zutil.c">
      <Filter>External\Assimp\contrib\zlib</Filter>
    </ClCompile>
    <ClCompile Include="..\..\External\Assimp\contrib\zlib\adler32.c">
      <Filter>External\Assimp\contrib\zlib</Filter>
    </ClCompile>
    <ClCompile Include="..\..\External\Assimp\contrib\zlib\compress.c">
      <Filter>External\Assimp\contrib\zlib</Filter>
    </ClCompile>
    <ClCompile Include="..\..\External\Assimp\contrib\zlib\crc32.c">
      <Filter>External\Assimp\contrib\zlib</Filter>
    </ClCompile>
    <ClCompile Include="..\..\External\Assimp\contrib\zlib\deflate.c">
      <Filter>External\Assimp\contrib\zlib</Filter>
    </ClCompile>
    <ClCompile Include="..\..\External\Assimp\contrib\zlib\gzclose.c">
      <Filter>External\Assimp\contrib\zlib</Filter>
    </ClCompile>
    <ClCompile Include="..\..\External\Assimp\contrib\zlib\gzlib.c">
      <Filter>External\Assimp\contrib\zlib</Filter>
    </ClCompile>
    <ClCompile Include="..\..\External\Assimp\contrib\zlib\gzread.c">
      <Filter>External\Assimp\contrib\zlib</Filter>
    </ClCompile>
    <ClCompile Include="..\..\External\Assimp\contrib\zlib\gzwrite.c">
      <Filter>External\Assimp\contrib\zlib</Filter>
    </ClCompile>
    <ClCompile Include="..\..\External\Assimp\contrib\zlib\infback.c">
      <Filter>External\Assimp\contrib\zlib</Filter>
    </ClCompile>
    <ClCompile Include="..\..\External\Assimp\contrib\zlib\inffast.c">
      <Filter>External\Assimp\contrib\zlib</Filter>
    </ClCompile>
    <ClCompile Include="..\..\External\Assimp\code\BlenderScene.cpp">
      <Filter>External\Assimp\BLEND</Filter>
    </ClCompile>
    <ClCompile Include="..\..\External\Assimp\code\BlenderTessellator.cpp">
      <Filter>External\Assimp\BLEND</Filter>
    </ClCompile>
    <ClCompile Include="..\..\External\Assimp\code\BlenderBMesh.cpp">
      <Filter>External\Assimp\BLEND</Filter>
    </ClCompile>
    <ClCompile Include="..\..\External\Assimp\code\BlenderDNA.cpp">
      <Filter>External\Assimp\BLEND</Filter>
    </ClCompile>
    <ClCompile Include="..\..\External\Assimp\code\BlenderLoader.cpp">
      <Filter>External\Assimp\BLEND</Filter>
    </ClCompile>
    <ClCompile Include="..\..\External\Assimp\code\BlenderModifier.cpp">
      <Filter>External\Assimp\BLEND</Filter>
    </ClCompile>
    <ClCompile Include="..\..\External\Assimp\contrib\poly2tri\poly2tri\sweep\cdt.cc">
      <Filter>External\Assimp\contrib\poly2tri</Filter>
    </ClCompile>
    <ClCompile Include="..\..\External\Assimp\contrib\poly2tri\poly2tri\sweep\sweep.cc">
      <Filter>External\Assimp\contrib\poly2tri</Filter>
    </ClCompile>
    <ClCompile Include="..\..\External\Assimp\contrib\poly2tri\poly2tri\sweep\sweep_context.cc">
      <Filter>External\Assimp\contrib\poly2tri</Filter>
    </ClCompile>
    <ClCompile Include="..\..\External\Assimp\contrib\poly2tri\poly2tri\sweep\advancing_front.cc">
      <Filter>External\Assimp\contrib\poly2tri</Filter>
    </ClCompile>
    <ClCompile Include="..\..\External\Assimp\contrib\poly2tri\poly2tri\common\shapes.cc">
      <Filter>External\Assimp\contrib\poly2tri</Filter>
    </ClCompile>
    <ClCompile Include="..\..\External\Assimp\code\ColladaParser.cpp">
      <Filter>External\Assimp\COLLADA</Filter>
    </ClCompile>
    <ClCompile Include="..\..\External\Assimp\code\ColladaExporter.cpp">
      <Filter>External\Assimp\COLLADA</Filter>
    </ClCompile>
    <ClCompile Include="..\..\External\Assimp\code\ColladaLoader.cpp">
      <Filter>External\Assimp\COLLADA</Filter>
    </ClCompile>
    <ClCompile Include="..\..\External\Assimp\code\glTF2Exporter.cpp">
      <Filter>External\Assimp\GLTF</Filter>
    </ClCompile>
    <ClCompile Include="..\..\External\Assimp\code\glTF2Importer.cpp">
      <Filter>External\Assimp\GLTF</Filter>
    </ClCompile>
    <ClCompile Include="..\..\External\Assimp\code\glTFExporter.cpp">
      <Filter>External\Assimp\GLTF</Filter>
    </ClCompile>
    <ClCompile Include="..\..\External\Assimp\code\glTFImporter.cpp">
      <Filter>External\Assimp\GLTF</Filter>
    </ClCompile>
  </ItemGroup>
</Project>