<?xml version="1.0" encoding="utf-8"?>
<Project ToolsVersion="4.0" xmlns="http://schemas.microsoft.com/developer/msbuild/2003">
  <ItemGroup>
    <Filter Include="Source Files">
      <UniqueIdentifier>{4FC737F1-C7A5-4376-A066-2A32D752A2FF}</UniqueIdentifier>
      <Extensions>cpp;c;cc;cxx;def;odl;idl;hpj;bat;asm;asmx</Extensions>
    </Filter>
    <Filter Include="Source Files\Font">
      <UniqueIdentifier>{30892413-e439-48c6-ab24-9ec5adc72df8}</UniqueIdentifier>
    </Filter>
    <Filter Include="Source Files\Public">
      <UniqueIdentifier>{5c89bd99-c16c-46cd-8799-19fb55e5d704}</UniqueIdentifier>
    </Filter>
  </ItemGroup>
  <ItemGroup>
    <None Include="Readme.txt" />
    <None Include="CMakeLists.txt" />
    <None Include="include\RendererToolkit\Font\IFontGlyphTexture.inl">
      <Filter>Source Files\Font</Filter>
    </None>
    <None Include="include\RendererToolkit\Font\IFontTexture.inl">
      <Filter>Source Files\Font</Filter>
    </None>
    <None Include="include\RendererToolkit\Font\FontGlyphTextureFreeType.inl">
      <Filter>Source Files\Font</Filter>
    </None>
    <None Include="include\RendererToolkit\Font\FontTextureFreeType.inl">
      <Filter>Source Files\Font</Filter>
    </None>
    <None Include="include\RendererToolkit\Font\FreeTypeContext.inl">
      <Filter>Source Files\Font</Filter>
    </None>
    <None Include="include\RendererToolkit\Font\IFont.inl">
      <Filter>Source Files\Font</Filter>
    </None>
    <None Include="include\RendererToolkit\Font\IFontGlyph.inl">
      <Filter>Source Files\Font</Filter>
    </None>
    <None Include="include\RendererToolkit\RendererToolkitImpl.inl">
      <Filter>Source Files</Filter>
    </None>
    <None Include="include\RendererToolkit\IRendererToolkit.inl">
      <Filter>Source Files</Filter>
    </None>
  </ItemGroup>
  <ItemGroup>
    <ClInclude Include="include\RendererToolkit\Font\IFontGlyphTexture.h">
      <Filter>Source Files\Font</Filter>
    </ClInclude>
    <ClInclude Include="include\RendererToolkit\Font\IFontTexture.h">
      <Filter>Source Files\Font</Filter>
    </ClInclude>
    <ClInclude Include="include\RendererToolkit\Font\FontGlyphTextureFreeType.h">
      <Filter>Source Files\Font</Filter>
    </ClInclude>
    <ClInclude Include="include\RendererToolkit\Font\FontTextureFreeType.h">
      <Filter>Source Files\Font</Filter>
    </ClInclude>
    <ClInclude Include="include\RendererToolkit\Font\FreeTypeContext.h">
      <Filter>Source Files\Font</Filter>
    </ClInclude>
    <ClInclude Include="include\RendererToolkit\Font\IFont.h">
      <Filter>Source Files\Font</Filter>
    </ClInclude>
    <ClInclude Include="include\RendererToolkit\Font\IFontGlyph.h">
      <Filter>Source Files\Font</Filter>
    </ClInclude>
    <ClInclude Include="src\Font\Font_GLSL_110.h">
      <Filter>Source Files\Font</Filter>
    </ClInclude>
    <ClInclude Include="src\Font\Font_GLSL_ES2.h">
      <Filter>Source Files\Font</Filter>
    </ClInclude>
    <ClInclude Include="src\Font\Font_HLSL_D3D9.h">
      <Filter>Source Files\Font</Filter>
    </ClInclude>
    <ClInclude Include="src\Font\Font_HLSL_D3D10_D3D11.h">
      <Filter>Source Files\Font</Filter>
    </ClInclude>
    <ClInclude Include="src\Font\Font_Null.h">
      <Filter>Source Files\Font</Filter>
    </ClInclude>
    <ClInclude Include="include\RendererToolkit\RendererToolkitImpl.h">
      <Filter>Source Files</Filter>
    </ClInclude>
    <ClInclude Include="include\RendererToolkit\IRendererToolkit.h">
      <Filter>Source Files</Filter>
    </ClInclude>
    <ClInclude Include="include\RendererToolkit\Public\RendererToolkit.h">
      <Filter>Source Files\Public</Filter>
    </ClInclude>
    <ClInclude Include="include\RendererToolkit\PlatformTypes.h">
      <Filter>Source Files</Filter>
    </ClInclude>
    <ClInclude Include="include\RendererToolkit\WindowsHeader.h">
      <Filter>Source Files</Filter>
    </ClInclude>
  </ItemGroup>
  <ItemGroup>
    <ClCompile Include="src\Font\FreeTypeContext.cpp">
      <Filter>Source Files\Font</Filter>
    </ClCompile>
    <ClCompile Include="src\Font\FontGlyphTextureFreeType.cpp">
      <Filter>Source Files\Font</Filter>
    </ClCompile>
    <ClCompile Include="src\Font\FontTextureFreeType.cpp">
      <Filter>Source Files\Font</Filter>
    </ClCompile>
    <ClCompile Include="src\RendererToolkitImpl.cpp">
      <Filter>Source Files</Filter>
    </ClCompile>
  </ItemGroup>
</Project>